// !$*UTF8*$!
{
	archiveVersion = 1;
	classes = {
	};
	objectVersion = 46;
	objects = {

/* Begin PBXBuildFile section */
		0074102F1799EDB20045BE0F /* CustomCameraViewController.m in Sources */ = {isa = PBXBuildFile; fileRef = 0074102E1799EDB20045BE0F /* CustomCameraViewController.m */; };
		007410351799EE770045BE0F /* UploadBookViewController.m in Sources */ = {isa = PBXBuildFile; fileRef = 007410341799EE770045BE0F /* UploadBookViewController.m */; };
		009874E8179F2B3C0098E73D /* TradingProcessViewController.m in Sources */ = {isa = PBXBuildFile; fileRef = 009874E7179F2B3C0098E73D /* TradingProcessViewController.m */; };
		B3876F9517727A7D00E9CF99 /* SettingViewController.m in Sources */ = {isa = PBXBuildFile; fileRef = B3876F9417727A7D00E9CF99 /* SettingViewController.m */; };
		B3876F9817727ABD00E9CF99 /* InviteFriendsViewController.m in Sources */ = {isa = PBXBuildFile; fileRef = B3876F9717727ABD00E9CF99 /* InviteFriendsViewController.m */; };
		FF1E95CD17941D6900FC06E4 /* Book.m in Sources */ = {isa = PBXBuildFile; fileRef = FF1E95CC17941D6900FC06E4 /* Book.m */; };
		FF2651CA1773BC5100BD613B /* CoreVideo.framework in Frameworks */ = {isa = PBXBuildFile; fileRef = FF2651C91773BC5100BD613B /* CoreVideo.framework */; };
		FF2651CC1773BC5B00BD613B /* CoreMedia.framework in Frameworks */ = {isa = PBXBuildFile; fileRef = FF2651CB1773BC5B00BD613B /* CoreMedia.framework */; };
		FF2651CE1773BC6300BD613B /* AVFoundation.framework in Frameworks */ = {isa = PBXBuildFile; fileRef = FF2651CD1773BC6300BD613B /* AVFoundation.framework */; };
		FF2651D01773BC7000BD613B /* libiconv.dylib in Frameworks */ = {isa = PBXBuildFile; fileRef = FF2651CF1773BC7000BD613B /* libiconv.dylib */; };
		FF2651D21773BC8900BD613B /* libzbar.a in Frameworks */ = {isa = PBXBuildFile; fileRef = FF2651D11773BC8900BD613B /* libzbar.a */; };
		FF2651D41773BC9200BD613B /* QuartzCore.framework in Frameworks */ = {isa = PBXBuildFile; fileRef = FF2651D31773BC9200BD613B /* QuartzCore.framework */; };
		FF3EF565177EEEBB0062EDFC /* thumbnail_empty.gif in Resources */ = {isa = PBXBuildFile; fileRef = FF3EF564177EEEBB0062EDFC /* thumbnail_empty.gif */; };
		FF52C37A177ACA3400A1485E /* book_default.png in Resources */ = {isa = PBXBuildFile; fileRef = FF52C378177ACA3400A1485E /* book_default.png */; };
		FF52C37B177ACA3400A1485E /* lion.jpeg in Resources */ = {isa = PBXBuildFile; fileRef = FF52C379177ACA3400A1485E /* lion.jpeg */; };
		FF52C37E177ACC1C00A1485E /* UploadBookConnection.m in Sources */ = {isa = PBXBuildFile; fileRef = FF52C37D177ACC1C00A1485E /* UploadBookConnection.m */; };
		FF5AEFDD1799D2E900437A1B /* InboxConnection.m in Sources */ = {isa = PBXBuildFile; fileRef = FF5AEFDA1799D2E900437A1B /* InboxConnection.m */; };
		FF5AEFDE1799D2E900437A1B /* InboxViewController.m in Sources */ = {isa = PBXBuildFile; fileRef = FF5AEFDC1799D2E900437A1B /* InboxViewController.m */; };
		FF5AEFE91799D37500437A1B /* SearchBookConnection.m in Sources */ = {isa = PBXBuildFile; fileRef = FF5AEFE11799D37500437A1B /* SearchBookConnection.m */; };
		FF5AEFEA1799D37500437A1B /* SearchForBookViewController.m in Sources */ = {isa = PBXBuildFile; fileRef = FF5AEFE31799D37500437A1B /* SearchForBookViewController.m */; };
		FF5AEFEB1799D37500437A1B /* Connection.m in Sources */ = {isa = PBXBuildFile; fileRef = FF5AEFE61799D37500437A1B /* Connection.m */; };
		FF5AEFEC1799D37500437A1B /* SearchViewController.m in Sources */ = {isa = PBXBuildFile; fileRef = FF5AEFE81799D37500437A1B /* SearchViewController.m */; };
		FF731FE01773AFC600C723E7 /* InventoryConnection.m in Sources */ = {isa = PBXBuildFile; fileRef = FF731FDD1773AFC600C723E7 /* InventoryConnection.m */; };
		FFA877651766967000504B62 /* LoginConnection.m in Sources */ = {isa = PBXBuildFile; fileRef = FFA877641766967000504B62 /* LoginConnection.m */; };
		FFA8776D1766968F00504B62 /* KeychainItemWrapper.m in Sources */ = {isa = PBXBuildFile; fileRef = FFA877681766968E00504B62 /* KeychainItemWrapper.m */; };
		FFA8776E1766968F00504B62 /* UserProfile.m in Sources */ = {isa = PBXBuildFile; fileRef = FFA8776A1766968E00504B62 /* UserProfile.m */; };
		FFA8776F1766968F00504B62 /* WTTSingleton.m in Sources */ = {isa = PBXBuildFile; fileRef = FFA8776C1766968E00504B62 /* WTTSingleton.m */; };
		FFA877731766976F00504B62 /* SignInViewController.m in Sources */ = {isa = PBXBuildFile; fileRef = FFA877721766976F00504B62 /* SignInViewController.m */; };
		FFA877791766980300504B62 /* Security.framework in Frameworks */ = {isa = PBXBuildFile; fileRef = FFA877781766980300504B62 /* Security.framework */; };
		FFA8777B1766980900504B62 /* MobileCoreServices.framework in Frameworks */ = {isa = PBXBuildFile; fileRef = FFA8777A1766980900504B62 /* MobileCoreServices.framework */; };
		FFCDF77317941343003015DF /* InventoryViewController.m in Sources */ = {isa = PBXBuildFile; fileRef = FFCDF77217941343003015DF /* InventoryViewController.m */; };
		FFD8DE721799D3FF00181FF9 /* OtherProfileViewController.m in Sources */ = {isa = PBXBuildFile; fileRef = FFD8DE6A1799D3FF00181FF9 /* OtherProfileViewController.m */; };
		FFD8DE731799D3FF00181FF9 /* RatingPercentConnection.m in Sources */ = {isa = PBXBuildFile; fileRef = FFD8DE6C1799D3FF00181FF9 /* RatingPercentConnection.m */; };
		FFD8DE741799D3FF00181FF9 /* DisplayRatingConnection.m in Sources */ = {isa = PBXBuildFile; fileRef = FFD8DE6F1799D3FF00181FF9 /* DisplayRatingConnection.m */; };
		FFD8DE751799D3FF00181FF9 /* RatingViewController.m in Sources */ = {isa = PBXBuildFile; fileRef = FFD8DE711799D3FF00181FF9 /* RatingViewController.m */; };
		FFD8DE7E1799D48300181FF9 /* GetConversationConnection.m in Sources */ = {isa = PBXBuildFile; fileRef = FFD8DE791799D48300181FF9 /* GetConversationConnection.m */; };
		FFD8DE7F1799D48300181FF9 /* MessageViewController.m in Sources */ = {isa = PBXBuildFile; fileRef = FFD8DE7B1799D48300181FF9 /* MessageViewController.m */; };
		FFD8DE801799D48300181FF9 /* SendMessageConnection.m in Sources */ = {isa = PBXBuildFile; fileRef = FFD8DE7D1799D48300181FF9 /* SendMessageConnection.m */; };
		FFD8DE8B1799D54C00181FF9 /* ListOfSellerConnection.m in Sources */ = {isa = PBXBuildFile; fileRef = FFD8DE831799D54C00181FF9 /* ListOfSellerConnection.m */; };
		FFD8DE8C1799D54C00181FF9 /* LIstOfSellerViewController.m in Sources */ = {isa = PBXBuildFile; fileRef = FFD8DE851799D54C00181FF9 /* LIstOfSellerViewController.m */; };
		FFD8DE8D1799D54C00181FF9 /* ListOfTradingBookConnection.m in Sources */ = {isa = PBXBuildFile; fileRef = FFD8DE881799D54C00181FF9 /* ListOfTradingBookConnection.m */; };
		FFD8DE8E1799D54C00181FF9 /* ListOfTradingBookViewController.m in Sources */ = {isa = PBXBuildFile; fileRef = FFD8DE8A1799D54C00181FF9 /* ListOfTradingBookViewController.m */; };
		FFD8DE921799D5AA00181FF9 /* BookInfoViewController.m in Sources */ = {isa = PBXBuildFile; fileRef = FFD8DE911799D5AA00181FF9 /* BookInfoViewController.m */; };
		FFDDFAAB172746CF0005138A /* UIKit.framework in Frameworks */ = {isa = PBXBuildFile; fileRef = FFDDFAAA172746CF0005138A /* UIKit.framework */; };
		FFDDFAAD172746CF0005138A /* Foundation.framework in Frameworks */ = {isa = PBXBuildFile; fileRef = FFDDFAAC172746CF0005138A /* Foundation.framework */; };
		FFDDFAAF172746CF0005138A /* CoreGraphics.framework in Frameworks */ = {isa = PBXBuildFile; fileRef = FFDDFAAE172746CF0005138A /* CoreGraphics.framework */; };
		FFDDFAB5172746CF0005138A /* InfoPlist.strings in Resources */ = {isa = PBXBuildFile; fileRef = FFDDFAB3172746CF0005138A /* InfoPlist.strings */; };
		FFDDFAB7172746CF0005138A /* main.m in Sources */ = {isa = PBXBuildFile; fileRef = FFDDFAB6172746CF0005138A /* main.m */; };
		FFDDFABB172746CF0005138A /* AppDelegate.m in Sources */ = {isa = PBXBuildFile; fileRef = FFDDFABA172746CF0005138A /* AppDelegate.m */; };
		FFDDFABD172746CF0005138A /* Default.png in Resources */ = {isa = PBXBuildFile; fileRef = FFDDFABC172746CF0005138A /* Default.png */; };
		FFDDFABF172746CF0005138A /* Default@2x.png in Resources */ = {isa = PBXBuildFile; fileRef = FFDDFABE172746CF0005138A /* Default@2x.png */; };
		FFDDFAC1172746CF0005138A /* Default-568h@2x.png in Resources */ = {isa = PBXBuildFile; fileRef = FFDDFAC0172746CF0005138A /* Default-568h@2x.png */; };
		FFDDFAC7172746CF0005138A /* MainStoryboard_iPad.storyboard in Resources */ = {isa = PBXBuildFile; fileRef = FFDDFAC5172746CF0005138A /* MainStoryboard_iPad.storyboard */; };
		FFEBCDD717765C64005C411E /* zbar-back.png in Resources */ = {isa = PBXBuildFile; fileRef = FFEBCDD217765C64005C411E /* zbar-back.png */; };
		FFEBCDD817765C64005C411E /* zbar-help.html in Resources */ = {isa = PBXBuildFile; fileRef = FFEBCDD317765C64005C411E /* zbar-help.html */; };
		FFEBCDD917765C64005C411E /* zbar-helpicons.png in Resources */ = {isa = PBXBuildFile; fileRef = FFEBCDD417765C64005C411E /* zbar-helpicons.png */; };
		FFEBCDDA17765C64005C411E /* zbar-samples.png in Resources */ = {isa = PBXBuildFile; fileRef = FFEBCDD517765C64005C411E /* zbar-samples.png */; };
		FFFB9ECD178B8B36002D5CF2 /* CaptureSessionManager.m in Sources */ = {isa = PBXBuildFile; fileRef = FFFB9ECA178B8B36002D5CF2 /* CaptureSessionManager.m */; };
		FFFB9ED4178B8BAC002D5CF2 /* ImageIO.framework in Frameworks */ = {isa = PBXBuildFile; fileRef = FFFB9ED3178B8BAC002D5CF2 /* ImageIO.framework */; };
/* End PBXBuildFile section */

/* Begin PBXFileReference section */
		0074102D1799EDB20045BE0F /* CustomCameraViewController.h */ = {isa = PBXFileReference; fileEncoding = 4; lastKnownFileType = sourcecode.c.h; path = CustomCameraViewController.h; sourceTree = "<group>"; };
		0074102E1799EDB20045BE0F /* CustomCameraViewController.m */ = {isa = PBXFileReference; fileEncoding = 4; lastKnownFileType = sourcecode.c.objc; path = CustomCameraViewController.m; sourceTree = "<group>"; };
		007410331799EE770045BE0F /* UploadBookViewController.h */ = {isa = PBXFileReference; fileEncoding = 4; lastKnownFileType = sourcecode.c.h; path = UploadBookViewController.h; sourceTree = "<group>"; };
		007410341799EE770045BE0F /* UploadBookViewController.m */ = {isa = PBXFileReference; fileEncoding = 4; lastKnownFileType = sourcecode.c.objc; path = UploadBookViewController.m; sourceTree = "<group>"; };
		009874E6179F2B3C0098E73D /* TradingProcessViewController.h */ = {isa = PBXFileReference; fileEncoding = 4; lastKnownFileType = sourcecode.c.h; path = TradingProcessViewController.h; sourceTree = "<group>"; };
		009874E7179F2B3C0098E73D /* TradingProcessViewController.m */ = {isa = PBXFileReference; fileEncoding = 4; lastKnownFileType = sourcecode.c.objc; path = TradingProcessViewController.m; sourceTree = "<group>"; };
		B3876F9317727A7D00E9CF99 /* SettingViewController.h */ = {isa = PBXFileReference; fileEncoding = 4; lastKnownFileType = sourcecode.c.h; path = SettingViewController.h; sourceTree = "<group>"; };
		B3876F9417727A7D00E9CF99 /* SettingViewController.m */ = {isa = PBXFileReference; fileEncoding = 4; lastKnownFileType = sourcecode.c.objc; path = SettingViewController.m; sourceTree = "<group>"; };
		B3876F9617727ABD00E9CF99 /* InviteFriendsViewController.h */ = {isa = PBXFileReference; fileEncoding = 4; lastKnownFileType = sourcecode.c.h; path = InviteFriendsViewController.h; sourceTree = "<group>"; };
		B3876F9717727ABD00E9CF99 /* InviteFriendsViewController.m */ = {isa = PBXFileReference; fileEncoding = 4; lastKnownFileType = sourcecode.c.objc; path = InviteFriendsViewController.m; sourceTree = "<group>"; };
		FF1E95CB17941D6900FC06E4 /* Book.h */ = {isa = PBXFileReference; fileEncoding = 4; lastKnownFileType = sourcecode.c.h; name = Book.h; path = Singleton/Book.h; sourceTree = "<group>"; };
		FF1E95CC17941D6900FC06E4 /* Book.m */ = {isa = PBXFileReference; fileEncoding = 4; lastKnownFileType = sourcecode.c.objc; name = Book.m; path = Singleton/Book.m; sourceTree = "<group>"; };
		FF2651C91773BC5100BD613B /* CoreVideo.framework */ = {isa = PBXFileReference; lastKnownFileType = wrapper.framework; name = CoreVideo.framework; path = System/Library/Frameworks/CoreVideo.framework; sourceTree = SDKROOT; };
		FF2651CB1773BC5B00BD613B /* CoreMedia.framework */ = {isa = PBXFileReference; lastKnownFileType = wrapper.framework; name = CoreMedia.framework; path = System/Library/Frameworks/CoreMedia.framework; sourceTree = SDKROOT; };
		FF2651CD1773BC6300BD613B /* AVFoundation.framework */ = {isa = PBXFileReference; lastKnownFileType = wrapper.framework; name = AVFoundation.framework; path = System/Library/Frameworks/AVFoundation.framework; sourceTree = SDKROOT; };
		FF2651CF1773BC7000BD613B /* libiconv.dylib */ = {isa = PBXFileReference; lastKnownFileType = "compiled.mach-o.dylib"; name = libiconv.dylib; path = usr/lib/libiconv.dylib; sourceTree = SDKROOT; };
		FF2651D11773BC8900BD613B /* libzbar.a */ = {isa = PBXFileReference; lastKnownFileType = archive.ar; name = libzbar.a; path = ZBarSDK/libzbar.a; sourceTree = "<group>"; };
		FF2651D31773BC9200BD613B /* QuartzCore.framework */ = {isa = PBXFileReference; lastKnownFileType = wrapper.framework; name = QuartzCore.framework; path = System/Library/Frameworks/QuartzCore.framework; sourceTree = SDKROOT; };
		FF3EF564177EEEBB0062EDFC /* thumbnail_empty.gif */ = {isa = PBXFileReference; lastKnownFileType = image.gif; path = thumbnail_empty.gif; sourceTree = "<group>"; };
		FF52C378177ACA3400A1485E /* book_default.png */ = {isa = PBXFileReference; lastKnownFileType = image.png; path = book_default.png; sourceTree = "<group>"; };
		FF52C379177ACA3400A1485E /* lion.jpeg */ = {isa = PBXFileReference; lastKnownFileType = image.jpeg; path = lion.jpeg; sourceTree = "<group>"; };
		FF52C37C177ACC1C00A1485E /* UploadBookConnection.h */ = {isa = PBXFileReference; fileEncoding = 4; lastKnownFileType = sourcecode.c.h; path = UploadBookConnection.h; sourceTree = "<group>"; };
		FF52C37D177ACC1C00A1485E /* UploadBookConnection.m */ = {isa = PBXFileReference; fileEncoding = 4; lastKnownFileType = sourcecode.c.objc; path = UploadBookConnection.m; sourceTree = "<group>"; };
		FF5AEFD91799D2E900437A1B /* InboxConnection.h */ = {isa = PBXFileReference; fileEncoding = 4; lastKnownFileType = sourcecode.c.h; path = InboxConnection.h; sourceTree = "<group>"; };
		FF5AEFDA1799D2E900437A1B /* InboxConnection.m */ = {isa = PBXFileReference; fileEncoding = 4; lastKnownFileType = sourcecode.c.objc; path = InboxConnection.m; sourceTree = "<group>"; };
		FF5AEFDB1799D2E900437A1B /* InboxViewController.h */ = {isa = PBXFileReference; fileEncoding = 4; lastKnownFileType = sourcecode.c.h; path = InboxViewController.h; sourceTree = "<group>"; };
		FF5AEFDC1799D2E900437A1B /* InboxViewController.m */ = {isa = PBXFileReference; fileEncoding = 4; lastKnownFileType = sourcecode.c.objc; path = InboxViewController.m; sourceTree = "<group>"; };
		FF5AEFE01799D37500437A1B /* SearchBookConnection.h */ = {isa = PBXFileReference; fileEncoding = 4; lastKnownFileType = sourcecode.c.h; path = SearchBookConnection.h; sourceTree = "<group>"; };
		FF5AEFE11799D37500437A1B /* SearchBookConnection.m */ = {isa = PBXFileReference; fileEncoding = 4; lastKnownFileType = sourcecode.c.objc; path = SearchBookConnection.m; sourceTree = "<group>"; };
		FF5AEFE21799D37500437A1B /* SearchForBookViewController.h */ = {isa = PBXFileReference; fileEncoding = 4; lastKnownFileType = sourcecode.c.h; path = SearchForBookViewController.h; sourceTree = "<group>"; };
		FF5AEFE31799D37500437A1B /* SearchForBookViewController.m */ = {isa = PBXFileReference; fileEncoding = 4; lastKnownFileType = sourcecode.c.objc; path = SearchForBookViewController.m; sourceTree = "<group>"; };
		FF5AEFE51799D37500437A1B /* Connection.h */ = {isa = PBXFileReference; fileEncoding = 4; lastKnownFileType = sourcecode.c.h; path = Connection.h; sourceTree = "<group>"; };
		FF5AEFE61799D37500437A1B /* Connection.m */ = {isa = PBXFileReference; fileEncoding = 4; lastKnownFileType = sourcecode.c.objc; path = Connection.m; sourceTree = "<group>"; };
		FF5AEFE71799D37500437A1B /* SearchViewController.h */ = {isa = PBXFileReference; fileEncoding = 4; lastKnownFileType = sourcecode.c.h; path = SearchViewController.h; sourceTree = "<group>"; };
		FF5AEFE81799D37500437A1B /* SearchViewController.m */ = {isa = PBXFileReference; fileEncoding = 4; lastKnownFileType = sourcecode.c.objc; path = SearchViewController.m; sourceTree = "<group>"; };
		FF731FDC1773AFC600C723E7 /* InventoryConnection.h */ = {isa = PBXFileReference; fileEncoding = 4; lastKnownFileType = sourcecode.c.h; name = InventoryConnection.h; path = Inventory/InventoryConnection.h; sourceTree = "<group>"; };
		FF731FDD1773AFC600C723E7 /* InventoryConnection.m */ = {isa = PBXFileReference; fileEncoding = 4; lastKnownFileType = sourcecode.c.objc; name = InventoryConnection.m; path = Inventory/InventoryConnection.m; sourceTree = "<group>"; };
		FFA877631766967000504B62 /* LoginConnection.h */ = {isa = PBXFileReference; fileEncoding = 4; lastKnownFileType = sourcecode.c.h; name = LoginConnection.h; path = LoginConnection/LoginConnection.h; sourceTree = "<group>"; };
		FFA877641766967000504B62 /* LoginConnection.m */ = {isa = PBXFileReference; fileEncoding = 4; lastKnownFileType = sourcecode.c.objc; name = LoginConnection.m; path = LoginConnection/LoginConnection.m; sourceTree = "<group>"; };
		FFA877671766968E00504B62 /* KeychainItemWrapper.h */ = {isa = PBXFileReference; fileEncoding = 4; lastKnownFileType = sourcecode.c.h; name = KeychainItemWrapper.h; path = Singleton/KeychainItemWrapper.h; sourceTree = "<group>"; };
		FFA877681766968E00504B62 /* KeychainItemWrapper.m */ = {isa = PBXFileReference; fileEncoding = 4; lastKnownFileType = sourcecode.c.objc; name = KeychainItemWrapper.m; path = Singleton/KeychainItemWrapper.m; sourceTree = "<group>"; };
		FFA877691766968E00504B62 /* UserProfile.h */ = {isa = PBXFileReference; fileEncoding = 4; lastKnownFileType = sourcecode.c.h; name = UserProfile.h; path = Singleton/UserProfile.h; sourceTree = "<group>"; };
		FFA8776A1766968E00504B62 /* UserProfile.m */ = {isa = PBXFileReference; fileEncoding = 4; lastKnownFileType = sourcecode.c.objc; name = UserProfile.m; path = Singleton/UserProfile.m; sourceTree = "<group>"; };
		FFA8776B1766968E00504B62 /* WTTSingleton.h */ = {isa = PBXFileReference; fileEncoding = 4; lastKnownFileType = sourcecode.c.h; name = WTTSingleton.h; path = Singleton/WTTSingleton.h; sourceTree = "<group>"; };
		FFA8776C1766968E00504B62 /* WTTSingleton.m */ = {isa = PBXFileReference; fileEncoding = 4; lastKnownFileType = sourcecode.c.objc; name = WTTSingleton.m; path = Singleton/WTTSingleton.m; sourceTree = "<group>"; };
		FFA877711766976F00504B62 /* SignInViewController.h */ = {isa = PBXFileReference; fileEncoding = 4; lastKnownFileType = sourcecode.c.h; name = SignInViewController.h; path = LogInVC/SignInViewController.h; sourceTree = "<group>"; };
		FFA877721766976F00504B62 /* SignInViewController.m */ = {isa = PBXFileReference; fileEncoding = 4; lastKnownFileType = sourcecode.c.objc; name = SignInViewController.m; path = LogInVC/SignInViewController.m; sourceTree = "<group>"; };
		FFA877781766980300504B62 /* Security.framework */ = {isa = PBXFileReference; lastKnownFileType = wrapper.framework; name = Security.framework; path = System/Library/Frameworks/Security.framework; sourceTree = SDKROOT; };
		FFA8777A1766980900504B62 /* MobileCoreServices.framework */ = {isa = PBXFileReference; lastKnownFileType = wrapper.framework; name = MobileCoreServices.framework; path = System/Library/Frameworks/MobileCoreServices.framework; sourceTree = SDKROOT; };
		FFCDF77117941343003015DF /* InventoryViewController.h */ = {isa = PBXFileReference; fileEncoding = 4; lastKnownFileType = sourcecode.c.h; name = InventoryViewController.h; path = Inventory/InventoryViewController.h; sourceTree = "<group>"; };
		FFCDF77217941343003015DF /* InventoryViewController.m */ = {isa = PBXFileReference; fileEncoding = 4; lastKnownFileType = sourcecode.c.objc; name = InventoryViewController.m; path = Inventory/InventoryViewController.m; sourceTree = "<group>"; };
		FFD8DE691799D3FF00181FF9 /* OtherProfileViewController.h */ = {isa = PBXFileReference; fileEncoding = 4; lastKnownFileType = sourcecode.c.h; path = OtherProfileViewController.h; sourceTree = "<group>"; };
		FFD8DE6A1799D3FF00181FF9 /* OtherProfileViewController.m */ = {isa = PBXFileReference; fileEncoding = 4; lastKnownFileType = sourcecode.c.objc; path = OtherProfileViewController.m; sourceTree = "<group>"; };
		FFD8DE6B1799D3FF00181FF9 /* RatingPercentConnection.h */ = {isa = PBXFileReference; fileEncoding = 4; lastKnownFileType = sourcecode.c.h; path = RatingPercentConnection.h; sourceTree = "<group>"; };
		FFD8DE6C1799D3FF00181FF9 /* RatingPercentConnection.m */ = {isa = PBXFileReference; fileEncoding = 4; lastKnownFileType = sourcecode.c.objc; path = RatingPercentConnection.m; sourceTree = "<group>"; };
		FFD8DE6E1799D3FF00181FF9 /* DisplayRatingConnection.h */ = {isa = PBXFileReference; fileEncoding = 4; lastKnownFileType = sourcecode.c.h; path = DisplayRatingConnection.h; sourceTree = "<group>"; };
		FFD8DE6F1799D3FF00181FF9 /* DisplayRatingConnection.m */ = {isa = PBXFileReference; fileEncoding = 4; lastKnownFileType = sourcecode.c.objc; path = DisplayRatingConnection.m; sourceTree = "<group>"; };
		FFD8DE701799D3FF00181FF9 /* RatingViewController.h */ = {isa = PBXFileReference; fileEncoding = 4; lastKnownFileType = sourcecode.c.h; path = RatingViewController.h; sourceTree = "<group>"; };
		FFD8DE711799D3FF00181FF9 /* RatingViewController.m */ = {isa = PBXFileReference; fileEncoding = 4; lastKnownFileType = sourcecode.c.objc; path = RatingViewController.m; sourceTree = "<group>"; };
		FFD8DE781799D48300181FF9 /* GetConversationConnection.h */ = {isa = PBXFileReference; fileEncoding = 4; lastKnownFileType = sourcecode.c.h; path = GetConversationConnection.h; sourceTree = "<group>"; };
		FFD8DE791799D48300181FF9 /* GetConversationConnection.m */ = {isa = PBXFileReference; fileEncoding = 4; lastKnownFileType = sourcecode.c.objc; path = GetConversationConnection.m; sourceTree = "<group>"; };
		FFD8DE7A1799D48300181FF9 /* MessageViewController.h */ = {isa = PBXFileReference; fileEncoding = 4; lastKnownFileType = sourcecode.c.h; path = MessageViewController.h; sourceTree = "<group>"; };
		FFD8DE7B1799D48300181FF9 /* MessageViewController.m */ = {isa = PBXFileReference; fileEncoding = 4; lastKnownFileType = sourcecode.c.objc; path = MessageViewController.m; sourceTree = "<group>"; };
		FFD8DE7C1799D48300181FF9 /* SendMessageConnection.h */ = {isa = PBXFileReference; fileEncoding = 4; lastKnownFileType = sourcecode.c.h; path = SendMessageConnection.h; sourceTree = "<group>"; };
		FFD8DE7D1799D48300181FF9 /* SendMessageConnection.m */ = {isa = PBXFileReference; fileEncoding = 4; lastKnownFileType = sourcecode.c.objc; path = SendMessageConnection.m; sourceTree = "<group>"; };
		FFD8DE821799D54C00181FF9 /* ListOfSellerConnection.h */ = {isa = PBXFileReference; fileEncoding = 4; lastKnownFileType = sourcecode.c.h; path = ListOfSellerConnection.h; sourceTree = "<group>"; };
		FFD8DE831799D54C00181FF9 /* ListOfSellerConnection.m */ = {isa = PBXFileReference; fileEncoding = 4; lastKnownFileType = sourcecode.c.objc; path = ListOfSellerConnection.m; sourceTree = "<group>"; };
		FFD8DE841799D54C00181FF9 /* LIstOfSellerViewController.h */ = {isa = PBXFileReference; fileEncoding = 4; lastKnownFileType = sourcecode.c.h; path = LIstOfSellerViewController.h; sourceTree = "<group>"; };
		FFD8DE851799D54C00181FF9 /* LIstOfSellerViewController.m */ = {isa = PBXFileReference; fileEncoding = 4; lastKnownFileType = sourcecode.c.objc; path = LIstOfSellerViewController.m; sourceTree = "<group>"; };
		FFD8DE871799D54C00181FF9 /* ListOfTradingBookConnection.h */ = {isa = PBXFileReference; fileEncoding = 4; lastKnownFileType = sourcecode.c.h; path = ListOfTradingBookConnection.h; sourceTree = "<group>"; };
		FFD8DE881799D54C00181FF9 /* ListOfTradingBookConnection.m */ = {isa = PBXFileReference; fileEncoding = 4; lastKnownFileType = sourcecode.c.objc; path = ListOfTradingBookConnection.m; sourceTree = "<group>"; };
		FFD8DE891799D54C00181FF9 /* ListOfTradingBookViewController.h */ = {isa = PBXFileReference; fileEncoding = 4; lastKnownFileType = sourcecode.c.h; path = ListOfTradingBookViewController.h; sourceTree = "<group>"; };
		FFD8DE8A1799D54C00181FF9 /* ListOfTradingBookViewController.m */ = {isa = PBXFileReference; fileEncoding = 4; lastKnownFileType = sourcecode.c.objc; path = ListOfTradingBookViewController.m; sourceTree = "<group>"; };
		FFD8DE901799D5AA00181FF9 /* BookInfoViewController.h */ = {isa = PBXFileReference; fileEncoding = 4; lastKnownFileType = sourcecode.c.h; path = BookInfoViewController.h; sourceTree = "<group>"; };
		FFD8DE911799D5AA00181FF9 /* BookInfoViewController.m */ = {isa = PBXFileReference; fileEncoding = 4; lastKnownFileType = sourcecode.c.objc; path = BookInfoViewController.m; sourceTree = "<group>"; };
		FFDDFAA6172746CF0005138A /* Booksmart.app */ = {isa = PBXFileReference; explicitFileType = wrapper.application; includeInIndex = 0; path = Booksmart.app; sourceTree = BUILT_PRODUCTS_DIR; };
		FFDDFAAA172746CF0005138A /* UIKit.framework */ = {isa = PBXFileReference; lastKnownFileType = wrapper.framework; name = UIKit.framework; path = System/Library/Frameworks/UIKit.framework; sourceTree = SDKROOT; };
		FFDDFAAC172746CF0005138A /* Foundation.framework */ = {isa = PBXFileReference; lastKnownFileType = wrapper.framework; name = Foundation.framework; path = System/Library/Frameworks/Foundation.framework; sourceTree = SDKROOT; };
		FFDDFAAE172746CF0005138A /* CoreGraphics.framework */ = {isa = PBXFileReference; lastKnownFileType = wrapper.framework; name = CoreGraphics.framework; path = System/Library/Frameworks/CoreGraphics.framework; sourceTree = SDKROOT; };
		FFDDFAB2172746CF0005138A /* Booksmart-Info.plist */ = {isa = PBXFileReference; lastKnownFileType = text.plist.xml; path = "Booksmart-Info.plist"; sourceTree = "<group>"; };
		FFDDFAB4172746CF0005138A /* en */ = {isa = PBXFileReference; lastKnownFileType = text.plist.strings; name = en; path = en.lproj/InfoPlist.strings; sourceTree = "<group>"; };
		FFDDFAB6172746CF0005138A /* main.m */ = {isa = PBXFileReference; lastKnownFileType = sourcecode.c.objc; path = main.m; sourceTree = "<group>"; };
		FFDDFAB8172746CF0005138A /* Booksmart-Prefix.pch */ = {isa = PBXFileReference; lastKnownFileType = sourcecode.c.h; path = "Booksmart-Prefix.pch"; sourceTree = "<group>"; };
		FFDDFAB9172746CF0005138A /* AppDelegate.h */ = {isa = PBXFileReference; lastKnownFileType = sourcecode.c.h; path = AppDelegate.h; sourceTree = "<group>"; };
		FFDDFABA172746CF0005138A /* AppDelegate.m */ = {isa = PBXFileReference; lastKnownFileType = sourcecode.c.objc; path = AppDelegate.m; sourceTree = "<group>"; };
		FFDDFABC172746CF0005138A /* Default.png */ = {isa = PBXFileReference; lastKnownFileType = image.png; path = Default.png; sourceTree = "<group>"; };
		FFDDFABE172746CF0005138A /* Default@2x.png */ = {isa = PBXFileReference; lastKnownFileType = image.png; path = "Default@2x.png"; sourceTree = "<group>"; };
		FFDDFAC0172746CF0005138A /* Default-568h@2x.png */ = {isa = PBXFileReference; lastKnownFileType = image.png; path = "Default-568h@2x.png"; sourceTree = "<group>"; };
		FFDDFAC6172746CF0005138A /* en */ = {isa = PBXFileReference; lastKnownFileType = file.storyboard; name = en; path = en.lproj/MainStoryboard_iPad.storyboard; sourceTree = "<group>"; };
		FFEBCDBC17765C64005C411E /* Decoder.h */ = {isa = PBXFileReference; fileEncoding = 4; lastKnownFileType = sourcecode.c.h; path = Decoder.h; sourceTree = "<group>"; };
		FFEBCDBD17765C64005C411E /* Exception.h */ = {isa = PBXFileReference; fileEncoding = 4; lastKnownFileType = sourcecode.c.h; path = Exception.h; sourceTree = "<group>"; };
		FFEBCDBE17765C64005C411E /* Image.h */ = {isa = PBXFileReference; fileEncoding = 4; lastKnownFileType = sourcecode.c.h; path = Image.h; sourceTree = "<group>"; };
		FFEBCDBF17765C64005C411E /* ImageScanner.h */ = {isa = PBXFileReference; fileEncoding = 4; lastKnownFileType = sourcecode.c.h; path = ImageScanner.h; sourceTree = "<group>"; };
		FFEBCDC017765C64005C411E /* Processor.h */ = {isa = PBXFileReference; fileEncoding = 4; lastKnownFileType = sourcecode.c.h; path = Processor.h; sourceTree = "<group>"; };
		FFEBCDC117765C64005C411E /* Scanner.h */ = {isa = PBXFileReference; fileEncoding = 4; lastKnownFileType = sourcecode.c.h; path = Scanner.h; sourceTree = "<group>"; };
		FFEBCDC217765C64005C411E /* Symbol.h */ = {isa = PBXFileReference; fileEncoding = 4; lastKnownFileType = sourcecode.c.h; path = Symbol.h; sourceTree = "<group>"; };
		FFEBCDC317765C64005C411E /* Video.h */ = {isa = PBXFileReference; fileEncoding = 4; lastKnownFileType = sourcecode.c.h; path = Video.h; sourceTree = "<group>"; };
		FFEBCDC417765C64005C411E /* Window.h */ = {isa = PBXFileReference; fileEncoding = 4; lastKnownFileType = sourcecode.c.h; path = Window.h; sourceTree = "<group>"; };
		FFEBCDC517765C64005C411E /* zbar.h */ = {isa = PBXFileReference; fileEncoding = 4; lastKnownFileType = sourcecode.c.h; path = zbar.h; sourceTree = "<group>"; };
		FFEBCDC617765C64005C411E /* ZBarCameraSimulator.h */ = {isa = PBXFileReference; fileEncoding = 4; lastKnownFileType = sourcecode.c.h; path = ZBarCameraSimulator.h; sourceTree = "<group>"; };
		FFEBCDC717765C64005C411E /* ZBarCaptureReader.h */ = {isa = PBXFileReference; fileEncoding = 4; lastKnownFileType = sourcecode.c.h; path = ZBarCaptureReader.h; sourceTree = "<group>"; };
		FFEBCDC817765C64005C411E /* ZBarHelpController.h */ = {isa = PBXFileReference; fileEncoding = 4; lastKnownFileType = sourcecode.c.h; path = ZBarHelpController.h; sourceTree = "<group>"; };
		FFEBCDC917765C64005C411E /* ZBarImage.h */ = {isa = PBXFileReference; fileEncoding = 4; lastKnownFileType = sourcecode.c.h; path = ZBarImage.h; sourceTree = "<group>"; };
		FFEBCDCA17765C64005C411E /* ZBarImageScanner.h */ = {isa = PBXFileReference; fileEncoding = 4; lastKnownFileType = sourcecode.c.h; path = ZBarImageScanner.h; sourceTree = "<group>"; };
		FFEBCDCB17765C64005C411E /* ZBarReaderController.h */ = {isa = PBXFileReference; fileEncoding = 4; lastKnownFileType = sourcecode.c.h; path = ZBarReaderController.h; sourceTree = "<group>"; };
		FFEBCDCC17765C64005C411E /* ZBarReaderView.h */ = {isa = PBXFileReference; fileEncoding = 4; lastKnownFileType = sourcecode.c.h; path = ZBarReaderView.h; sourceTree = "<group>"; };
		FFEBCDCD17765C64005C411E /* ZBarReaderViewController.h */ = {isa = PBXFileReference; fileEncoding = 4; lastKnownFileType = sourcecode.c.h; path = ZBarReaderViewController.h; sourceTree = "<group>"; };
		FFEBCDCE17765C64005C411E /* ZBarSDK.h */ = {isa = PBXFileReference; fileEncoding = 4; lastKnownFileType = sourcecode.c.h; path = ZBarSDK.h; sourceTree = "<group>"; };
		FFEBCDCF17765C64005C411E /* ZBarSymbol.h */ = {isa = PBXFileReference; fileEncoding = 4; lastKnownFileType = sourcecode.c.h; path = ZBarSymbol.h; sourceTree = "<group>"; };
		FFEBCDD017765C64005C411E /* libzbar.a */ = {isa = PBXFileReference; lastKnownFileType = archive.ar; path = libzbar.a; sourceTree = "<group>"; };
		FFEBCDD217765C64005C411E /* zbar-back.png */ = {isa = PBXFileReference; lastKnownFileType = image.png; path = "zbar-back.png"; sourceTree = "<group>"; };
		FFEBCDD317765C64005C411E /* zbar-help.html */ = {isa = PBXFileReference; fileEncoding = 4; lastKnownFileType = text.html; path = "zbar-help.html"; sourceTree = "<group>"; };
		FFEBCDD417765C64005C411E /* zbar-helpicons.png */ = {isa = PBXFileReference; lastKnownFileType = image.png; path = "zbar-helpicons.png"; sourceTree = "<group>"; };
		FFEBCDD517765C64005C411E /* zbar-samples.png */ = {isa = PBXFileReference; lastKnownFileType = image.png; path = "zbar-samples.png"; sourceTree = "<group>"; };
		FFFB9EC9178B8B36002D5CF2 /* CaptureSessionManager.h */ = {isa = PBXFileReference; fileEncoding = 4; lastKnownFileType = sourcecode.c.h; path = CaptureSessionManager.h; sourceTree = "<group>"; };
		FFFB9ECA178B8B36002D5CF2 /* CaptureSessionManager.m */ = {isa = PBXFileReference; fileEncoding = 4; lastKnownFileType = sourcecode.c.objc; path = CaptureSessionManager.m; sourceTree = "<group>"; };
		FFFB9ED3178B8BAC002D5CF2 /* ImageIO.framework */ = {isa = PBXFileReference; lastKnownFileType = wrapper.framework; name = ImageIO.framework; path = System/Library/Frameworks/ImageIO.framework; sourceTree = SDKROOT; };
/* End PBXFileReference section */

/* Begin PBXFrameworksBuildPhase section */
		FFDDFAA3172746CF0005138A /* Frameworks */ = {
			isa = PBXFrameworksBuildPhase;
			buildActionMask = 2147483647;
			files = (
				FFFB9ED4178B8BAC002D5CF2 /* ImageIO.framework in Frameworks */,
				FF2651D41773BC9200BD613B /* QuartzCore.framework in Frameworks */,
				FF2651D21773BC8900BD613B /* libzbar.a in Frameworks */,
				FF2651D01773BC7000BD613B /* libiconv.dylib in Frameworks */,
				FF2651CE1773BC6300BD613B /* AVFoundation.framework in Frameworks */,
				FF2651CC1773BC5B00BD613B /* CoreMedia.framework in Frameworks */,
				FF2651CA1773BC5100BD613B /* CoreVideo.framework in Frameworks */,
				FFA8777B1766980900504B62 /* MobileCoreServices.framework in Frameworks */,
				FFA877791766980300504B62 /* Security.framework in Frameworks */,
				FFDDFAAB172746CF0005138A /* UIKit.framework in Frameworks */,
				FFDDFAAD172746CF0005138A /* Foundation.framework in Frameworks */,
				FFDDFAAF172746CF0005138A /* CoreGraphics.framework in Frameworks */,
			);
			runOnlyForDeploymentPostprocessing = 0;
		};
/* End PBXFrameworksBuildPhase section */

/* Begin PBXGroup section */
		009874E0179F28140098E73D /* TradingProcess */ = {
			isa = PBXGroup;
			children = (
				009874E6179F2B3C0098E73D /* TradingProcessViewController.h */,
				009874E7179F2B3C0098E73D /* TradingProcessViewController.m */,
			);
			name = TradingProcess;
			sourceTree = "<group>";
		};
		B3876F9217727A7D00E9CF99 /* Setting */ = {
			isa = PBXGroup;
			children = (
				B3876F9617727ABD00E9CF99 /* InviteFriendsViewController.h */,
				B3876F9717727ABD00E9CF99 /* InviteFriendsViewController.m */,
				B3876F9317727A7D00E9CF99 /* SettingViewController.h */,
				B3876F9417727A7D00E9CF99 /* SettingViewController.m */,
			);
			path = Setting;
			sourceTree = "<group>";
		};
		FF2651C11773BBE100BD613B /* UploadBook */ = {
			isa = PBXGroup;
			children = (
				007410331799EE770045BE0F /* UploadBookViewController.h */,
				007410341799EE770045BE0F /* UploadBookViewController.m */,
				FF52C37C177ACC1C00A1485E /* UploadBookConnection.h */,
				FF52C37D177ACC1C00A1485E /* UploadBookConnection.m */,
			);
			path = UploadBook;
			sourceTree = "<group>";
		};
		FF52C377177ACA3400A1485E /* Images */ = {
			isa = PBXGroup;
			children = (
				FF3EF564177EEEBB0062EDFC /* thumbnail_empty.gif */,
				FF52C378177ACA3400A1485E /* book_default.png */,
				FF52C379177ACA3400A1485E /* lion.jpeg */,
			);
			path = Images;
			sourceTree = SOURCE_ROOT;
		};
		FF5AEFD81799D2E900437A1B /* Inbox */ = {
			isa = PBXGroup;
			children = (
				FF5AEFD91799D2E900437A1B /* InboxConnection.h */,
				FF5AEFDA1799D2E900437A1B /* InboxConnection.m */,
				FF5AEFDB1799D2E900437A1B /* InboxViewController.h */,
				FF5AEFDC1799D2E900437A1B /* InboxViewController.m */,
			);
			path = Inbox;
			sourceTree = "<group>";
		};
		FF5AEFDF1799D37500437A1B /* SearchForBook */ = {
			isa = PBXGroup;
			children = (
				FF5AEFE01799D37500437A1B /* SearchBookConnection.h */,
				FF5AEFE11799D37500437A1B /* SearchBookConnection.m */,
				FF5AEFE21799D37500437A1B /* SearchForBookViewController.h */,
				FF5AEFE31799D37500437A1B /* SearchForBookViewController.m */,
			);
			path = SearchForBook;
			sourceTree = "<group>";
		};
		FF5AEFE41799D37500437A1B /* SearchForUser */ = {
			isa = PBXGroup;
			children = (
				FF5AEFE51799D37500437A1B /* Connection.h */,
				FF5AEFE61799D37500437A1B /* Connection.m */,
				FF5AEFE71799D37500437A1B /* SearchViewController.h */,
				FF5AEFE81799D37500437A1B /* SearchViewController.m */,
			);
			path = SearchForUser;
			sourceTree = "<group>";
		};
		FF731FDB1773AFB700C723E7 /* Inventory */ = {
			isa = PBXGroup;
			children = (
				FF731FDC1773AFC600C723E7 /* InventoryConnection.h */,
				FF731FDD1773AFC600C723E7 /* InventoryConnection.m */,
				FFCDF77117941343003015DF /* InventoryViewController.h */,
				FFCDF77217941343003015DF /* InventoryViewController.m */,
			);
			name = Inventory;
			sourceTree = "<group>";
		};
		FFA877611766961500504B62 /* LoginConnection */ = {
			isa = PBXGroup;
			children = (
				FFA877631766967000504B62 /* LoginConnection.h */,
				FFA877641766967000504B62 /* LoginConnection.m */,
			);
			name = LoginConnection;
			sourceTree = "<group>";
		};
		FFA877661766967600504B62 /* Singleton */ = {
			isa = PBXGroup;
			children = (
				FFA877671766968E00504B62 /* KeychainItemWrapper.h */,
				FFA877681766968E00504B62 /* KeychainItemWrapper.m */,
				FFA877691766968E00504B62 /* UserProfile.h */,
				FFA8776A1766968E00504B62 /* UserProfile.m */,
				FFA8776B1766968E00504B62 /* WTTSingleton.h */,
				FFA8776C1766968E00504B62 /* WTTSingleton.m */,
				FF1E95CB17941D6900FC06E4 /* Book.h */,
				FF1E95CC17941D6900FC06E4 /* Book.m */,
			);
			name = Singleton;
			sourceTree = "<group>";
		};
		FFA877701766975F00504B62 /* LoginVC */ = {
			isa = PBXGroup;
			children = (
				FFA877711766976F00504B62 /* SignInViewController.h */,
				FFA877721766976F00504B62 /* SignInViewController.m */,
			);
			name = LoginVC;
			sourceTree = "<group>";
		};
		FFD8DE681799D3FF00181FF9 /* OtherUserProfile */ = {
			isa = PBXGroup;
			children = (
				FFD8DE691799D3FF00181FF9 /* OtherProfileViewController.h */,
				FFD8DE6A1799D3FF00181FF9 /* OtherProfileViewController.m */,
				FFD8DE6B1799D3FF00181FF9 /* RatingPercentConnection.h */,
				FFD8DE6C1799D3FF00181FF9 /* RatingPercentConnection.m */,
			);
			path = OtherUserProfile;
			sourceTree = "<group>";
		};
		FFD8DE6D1799D3FF00181FF9 /* Rating */ = {
			isa = PBXGroup;
			children = (
				FFD8DE6E1799D3FF00181FF9 /* DisplayRatingConnection.h */,
				FFD8DE6F1799D3FF00181FF9 /* DisplayRatingConnection.m */,
				FFD8DE701799D3FF00181FF9 /* RatingViewController.h */,
				FFD8DE711799D3FF00181FF9 /* RatingViewController.m */,
			);
			path = Rating;
			sourceTree = "<group>";
		};
		FFD8DE771799D48300181FF9 /* Message */ = {
			isa = PBXGroup;
			children = (
				FFD8DE781799D48300181FF9 /* GetConversationConnection.h */,
				FFD8DE791799D48300181FF9 /* GetConversationConnection.m */,
				FFD8DE7A1799D48300181FF9 /* MessageViewController.h */,
				FFD8DE7B1799D48300181FF9 /* MessageViewController.m */,
				FFD8DE7C1799D48300181FF9 /* SendMessageConnection.h */,
				FFD8DE7D1799D48300181FF9 /* SendMessageConnection.m */,
			);
			path = Message;
			sourceTree = "<group>";
		};
		FFD8DE811799D54C00181FF9 /* ListOfSeller */ = {
			isa = PBXGroup;
			children = (
				FFD8DE821799D54C00181FF9 /* ListOfSellerConnection.h */,
				FFD8DE831799D54C00181FF9 /* ListOfSellerConnection.m */,
				FFD8DE841799D54C00181FF9 /* LIstOfSellerViewController.h */,
				FFD8DE851799D54C00181FF9 /* LIstOfSellerViewController.m */,
			);
			path = ListOfSeller;
			sourceTree = "<group>";
		};
		FFD8DE861799D54C00181FF9 /* ListOfTradingBook */ = {
			isa = PBXGroup;
			children = (
				FFD8DE871799D54C00181FF9 /* ListOfTradingBookConnection.h */,
				FFD8DE881799D54C00181FF9 /* ListOfTradingBookConnection.m */,
				FFD8DE891799D54C00181FF9 /* ListOfTradingBookViewController.h */,
				FFD8DE8A1799D54C00181FF9 /* ListOfTradingBookViewController.m */,
			);
			path = ListOfTradingBook;
			sourceTree = "<group>";
		};
		FFD8DE8F1799D5AA00181FF9 /* BookInfo */ = {
			isa = PBXGroup;
			children = (
				FFD8DE901799D5AA00181FF9 /* BookInfoViewController.h */,
				FFD8DE911799D5AA00181FF9 /* BookInfoViewController.m */,
			);
			path = BookInfo;
			sourceTree = "<group>";
		};
		FFDDFA9B172746CF0005138A = {
			isa = PBXGroup;
			children = (
				FFDDFAB0172746CF0005138A /* Booksmart */,
				FFDDFAA9172746CF0005138A /* Frameworks */,
				FFDDFAA7172746CF0005138A /* Products */,
			);
			sourceTree = "<group>";
		};
		FFDDFAA7172746CF0005138A /* Products */ = {
			isa = PBXGroup;
			children = (
				FFDDFAA6172746CF0005138A /* Booksmart.app */,
			);
			name = Products;
			sourceTree = "<group>";
		};
		FFDDFAA9172746CF0005138A /* Frameworks */ = {
			isa = PBXGroup;
			children = (
				FFFB9ED3178B8BAC002D5CF2 /* ImageIO.framework */,
				FFEBCDB817765C64005C411E /* ZBarSDK */,
				FF2651D31773BC9200BD613B /* QuartzCore.framework */,
				FF2651D11773BC8900BD613B /* libzbar.a */,
				FF2651CF1773BC7000BD613B /* libiconv.dylib */,
				FF2651CD1773BC6300BD613B /* AVFoundation.framework */,
				FF2651CB1773BC5B00BD613B /* CoreMedia.framework */,
				FF2651C91773BC5100BD613B /* CoreVideo.framework */,
				FFA8777A1766980900504B62 /* MobileCoreServices.framework */,
				FFA877781766980300504B62 /* Security.framework */,
				FFDDFAAA172746CF0005138A /* UIKit.framework */,
				FFDDFAAC172746CF0005138A /* Foundation.framework */,
				FFDDFAAE172746CF0005138A /* CoreGraphics.framework */,
			);
			name = Frameworks;
			sourceTree = "<group>";
		};
		FFDDFAB0172746CF0005138A /* Booksmart */ = {
			isa = PBXGroup;
			children = (
				009874E0179F28140098E73D /* TradingProcess */,
				FFD8DE8F1799D5AA00181FF9 /* BookInfo */,
				FFD8DE811799D54C00181FF9 /* ListOfSeller */,
				FFD8DE861799D54C00181FF9 /* ListOfTradingBook */,
				FFD8DE771799D48300181FF9 /* Message */,
				FFD8DE681799D3FF00181FF9 /* OtherUserProfile */,
				FFD8DE6D1799D3FF00181FF9 /* Rating */,
				FF5AEFDF1799D37500437A1B /* SearchForBook */,
				FF5AEFE41799D37500437A1B /* SearchForUser */,
				FF5AEFD81799D2E900437A1B /* Inbox */,
				FF52C377177ACA3400A1485E /* Images */,
				FFFB9EC8178B8B36002D5CF2 /* CustomCamera */,
				FF2651C11773BBE100BD613B /* UploadBook */,
				FF731FDB1773AFB700C723E7 /* Inventory */,
				B3876F9217727A7D00E9CF99 /* Setting */,
				FFA877701766975F00504B62 /* LoginVC */,
				FFA877661766967600504B62 /* Singleton */,
				FFA877611766961500504B62 /* LoginConnection */,
				FFDDFAB9172746CF0005138A /* AppDelegate.h */,
				FFDDFABA172746CF0005138A /* AppDelegate.m */,
				FFDDFAC5172746CF0005138A /* MainStoryboard_iPad.storyboard */,
				FFDDFAB1172746CF0005138A /* Supporting Files */,
			);
			path = Booksmart;
			sourceTree = "<group>";
		};
		FFDDFAB1172746CF0005138A /* Supporting Files */ = {
			isa = PBXGroup;
			children = (
				FFDDFAB2172746CF0005138A /* Booksmart-Info.plist */,
				FFDDFAB3172746CF0005138A /* InfoPlist.strings */,
				FFDDFAB6172746CF0005138A /* main.m */,
				FFDDFAB8172746CF0005138A /* Booksmart-Prefix.pch */,
				FFDDFABC172746CF0005138A /* Default.png */,
				FFDDFABE172746CF0005138A /* Default@2x.png */,
				FFDDFAC0172746CF0005138A /* Default-568h@2x.png */,
			);
			name = "Supporting Files";
			sourceTree = "<group>";
		};
		FFEBCDB817765C64005C411E /* ZBarSDK */ = {
			isa = PBXGroup;
			children = (
				FFEBCDB917765C64005C411E /* Headers */,
				FFEBCDD017765C64005C411E /* libzbar.a */,
				FFEBCDD117765C64005C411E /* Resources */,
			);
			path = ZBarSDK;
			sourceTree = "<group>";
		};
		FFEBCDB917765C64005C411E /* Headers */ = {
			isa = PBXGroup;
			children = (
				FFEBCDBA17765C64005C411E /* ZBarSDK */,
			);
			path = Headers;
			sourceTree = "<group>";
		};
		FFEBCDBA17765C64005C411E /* ZBarSDK */ = {
			isa = PBXGroup;
			children = (
				FFEBCDBB17765C64005C411E /* zbar */,
				FFEBCDC517765C64005C411E /* zbar.h */,
				FFEBCDC617765C64005C411E /* ZBarCameraSimulator.h */,
				FFEBCDC717765C64005C411E /* ZBarCaptureReader.h */,
				FFEBCDC817765C64005C411E /* ZBarHelpController.h */,
				FFEBCDC917765C64005C411E /* ZBarImage.h */,
				FFEBCDCA17765C64005C411E /* ZBarImageScanner.h */,
				FFEBCDCB17765C64005C411E /* ZBarReaderController.h */,
				FFEBCDCC17765C64005C411E /* ZBarReaderView.h */,
				FFEBCDCD17765C64005C411E /* ZBarReaderViewController.h */,
				FFEBCDCE17765C64005C411E /* ZBarSDK.h */,
				FFEBCDCF17765C64005C411E /* ZBarSymbol.h */,
			);
			path = ZBarSDK;
			sourceTree = "<group>";
		};
		FFEBCDBB17765C64005C411E /* zbar */ = {
			isa = PBXGroup;
			children = (
				FFEBCDBC17765C64005C411E /* Decoder.h */,
				FFEBCDBD17765C64005C411E /* Exception.h */,
				FFEBCDBE17765C64005C411E /* Image.h */,
				FFEBCDBF17765C64005C411E /* ImageScanner.h */,
				FFEBCDC017765C64005C411E /* Processor.h */,
				FFEBCDC117765C64005C411E /* Scanner.h */,
				FFEBCDC217765C64005C411E /* Symbol.h */,
				FFEBCDC317765C64005C411E /* Video.h */,
				FFEBCDC417765C64005C411E /* Window.h */,
			);
			path = zbar;
			sourceTree = "<group>";
		};
		FFEBCDD117765C64005C411E /* Resources */ = {
			isa = PBXGroup;
			children = (
				FFEBCDD217765C64005C411E /* zbar-back.png */,
				FFEBCDD317765C64005C411E /* zbar-help.html */,
				FFEBCDD417765C64005C411E /* zbar-helpicons.png */,
				FFEBCDD517765C64005C411E /* zbar-samples.png */,
			);
			path = Resources;
			sourceTree = "<group>";
		};
		FFFB9EC8178B8B36002D5CF2 /* CustomCamera */ = {
			isa = PBXGroup;
			children = (
				0074102D1799EDB20045BE0F /* CustomCameraViewController.h */,
				0074102E1799EDB20045BE0F /* CustomCameraViewController.m */,
				FFFB9EC9178B8B36002D5CF2 /* CaptureSessionManager.h */,
				FFFB9ECA178B8B36002D5CF2 /* CaptureSessionManager.m */,
			);
			path = CustomCamera;
			sourceTree = "<group>";
		};
/* End PBXGroup section */

/* Begin PBXNativeTarget section */
		FFDDFAA5172746CF0005138A /* Booksmart */ = {
			isa = PBXNativeTarget;
			buildConfigurationList = FFDDFACD172746CF0005138A /* Build configuration list for PBXNativeTarget "Booksmart" */;
			buildPhases = (
				FFDDFAA2172746CF0005138A /* Sources */,
				FFDDFAA3172746CF0005138A /* Frameworks */,
				FFDDFAA4172746CF0005138A /* Resources */,
			);
			buildRules = (
			);
			dependencies = (
			);
			name = Booksmart;
			productName = Booksmart;
			productReference = FFDDFAA6172746CF0005138A /* Booksmart.app */;
			productType = "com.apple.product-type.application";
		};
/* End PBXNativeTarget section */

/* Begin PBXProject section */
		FFDDFA9D172746CF0005138A /* Project object */ = {
			isa = PBXProject;
			attributes = {
				LastUpgradeCheck = 0450;
				ORGANIZATIONNAME = "Lam Lu";
			};
			buildConfigurationList = FFDDFAA0172746CF0005138A /* Build configuration list for PBXProject "Booksmart" */;
			compatibilityVersion = "Xcode 3.2";
			developmentRegion = English;
			hasScannedForEncodings = 0;
			knownRegions = (
				en,
			);
			mainGroup = FFDDFA9B172746CF0005138A;
			productRefGroup = FFDDFAA7172746CF0005138A /* Products */;
			projectDirPath = "";
			projectRoot = "";
			targets = (
				FFDDFAA5172746CF0005138A /* Booksmart */,
			);
		};
/* End PBXProject section */

/* Begin PBXResourcesBuildPhase section */
		FFDDFAA4172746CF0005138A /* Resources */ = {
			isa = PBXResourcesBuildPhase;
			buildActionMask = 2147483647;
			files = (
				FFDDFAB5172746CF0005138A /* InfoPlist.strings in Resources */,
				FFDDFABD172746CF0005138A /* Default.png in Resources */,
				FFDDFABF172746CF0005138A /* Default@2x.png in Resources */,
				FFDDFAC1172746CF0005138A /* Default-568h@2x.png in Resources */,
				FFDDFAC7172746CF0005138A /* MainStoryboard_iPad.storyboard in Resources */,
				FFEBCDD717765C64005C411E /* zbar-back.png in Resources */,
				FFEBCDD817765C64005C411E /* zbar-help.html in Resources */,
				FFEBCDD917765C64005C411E /* zbar-helpicons.png in Resources */,
				FFEBCDDA17765C64005C411E /* zbar-samples.png in Resources */,
				FF52C37A177ACA3400A1485E /* book_default.png in Resources */,
				FF52C37B177ACA3400A1485E /* lion.jpeg in Resources */,
				FF3EF565177EEEBB0062EDFC /* thumbnail_empty.gif in Resources */,
			);
			runOnlyForDeploymentPostprocessing = 0;
		};
/* End PBXResourcesBuildPhase section */

/* Begin PBXSourcesBuildPhase section */
		FFDDFAA2172746CF0005138A /* Sources */ = {
			isa = PBXSourcesBuildPhase;
			buildActionMask = 2147483647;
			files = (
				FFDDFAB7172746CF0005138A /* main.m in Sources */,
				FFDDFABB172746CF0005138A /* AppDelegate.m in Sources */,
				FFA877651766967000504B62 /* LoginConnection.m in Sources */,
				FFA8776D1766968F00504B62 /* KeychainItemWrapper.m in Sources */,
				FFA8776E1766968F00504B62 /* UserProfile.m in Sources */,
				FFA8776F1766968F00504B62 /* WTTSingleton.m in Sources */,
				FFA877731766976F00504B62 /* SignInViewController.m in Sources */,
				B3876F9517727A7D00E9CF99 /* SettingViewController.m in Sources */,
				B3876F9817727ABD00E9CF99 /* InviteFriendsViewController.m in Sources */,
				FF731FE01773AFC600C723E7 /* InventoryConnection.m in Sources */,
				FF52C37E177ACC1C00A1485E /* UploadBookConnection.m in Sources */,
				FFFB9ECD178B8B36002D5CF2 /* CaptureSessionManager.m in Sources */,
				FFCDF77317941343003015DF /* InventoryViewController.m in Sources */,
				FF1E95CD17941D6900FC06E4 /* Book.m in Sources */,
				FF5AEFDD1799D2E900437A1B /* InboxConnection.m in Sources */,
				FF5AEFDE1799D2E900437A1B /* InboxViewController.m in Sources */,
				FF5AEFE91799D37500437A1B /* SearchBookConnection.m in Sources */,
				FF5AEFEA1799D37500437A1B /* SearchForBookViewController.m in Sources */,
				FF5AEFEB1799D37500437A1B /* Connection.m in Sources */,
				FF5AEFEC1799D37500437A1B /* SearchViewController.m in Sources */,
				FFD8DE721799D3FF00181FF9 /* OtherProfileViewController.m in Sources */,
				FFD8DE731799D3FF00181FF9 /* RatingPercentConnection.m in Sources */,
				FFD8DE741799D3FF00181FF9 /* DisplayRatingConnection.m in Sources */,
				FFD8DE751799D3FF00181FF9 /* RatingViewController.m in Sources */,
				FFD8DE7E1799D48300181FF9 /* GetConversationConnection.m in Sources */,
				FFD8DE7F1799D48300181FF9 /* MessageViewController.m in Sources */,
				FFD8DE801799D48300181FF9 /* SendMessageConnection.m in Sources */,
				FFD8DE8B1799D54C00181FF9 /* ListOfSellerConnection.m in Sources */,
				FFD8DE8C1799D54C00181FF9 /* LIstOfSellerViewController.m in Sources */,
				FFD8DE8D1799D54C00181FF9 /* ListOfTradingBookConnection.m in Sources */,
				FFD8DE8E1799D54C00181FF9 /* ListOfTradingBookViewController.m in Sources */,
				FFD8DE921799D5AA00181FF9 /* BookInfoViewController.m in Sources */,
				0074102F1799EDB20045BE0F /* CustomCameraViewController.m in Sources */,
				007410351799EE770045BE0F /* UploadBookViewController.m in Sources */,
				009874E8179F2B3C0098E73D /* TradingProcessViewController.m in Sources */,
			);
			runOnlyForDeploymentPostprocessing = 0;
		};
/* End PBXSourcesBuildPhase section */

/* Begin PBXVariantGroup section */
		FFDDFAB3172746CF0005138A /* InfoPlist.strings */ = {
			isa = PBXVariantGroup;
			children = (
				FFDDFAB4172746CF0005138A /* en */,
			);
			name = InfoPlist.strings;
			sourceTree = "<group>";
		};
		FFDDFAC5172746CF0005138A /* MainStoryboard_iPad.storyboard */ = {
			isa = PBXVariantGroup;
			children = (
				FFDDFAC6172746CF0005138A /* en */,
			);
			name = MainStoryboard_iPad.storyboard;
			sourceTree = "<group>";
		};
/* End PBXVariantGroup section */

/* Begin XCBuildConfiguration section */
		FFDDFACB172746CF0005138A /* Debug */ = {
			isa = XCBuildConfiguration;
			buildSettings = {
				ALWAYS_SEARCH_USER_PATHS = NO;
				CLANG_CXX_LANGUAGE_STANDARD = "gnu++0x";
				CLANG_CXX_LIBRARY = "libc++";
				CLANG_ENABLE_OBJC_ARC = YES;
				CLANG_WARN_EMPTY_BODY = YES;
				CLANG_WARN__DUPLICATE_METHOD_MATCH = YES;
				"CODE_SIGN_IDENTITY[sdk=iphoneos*]" = "iPhone Developer";
				COPY_PHASE_STRIP = NO;
				GCC_C_LANGUAGE_STANDARD = gnu99;
				GCC_DYNAMIC_NO_PIC = NO;
				GCC_OPTIMIZATION_LEVEL = 0;
				GCC_PREPROCESSOR_DEFINITIONS = (
					"DEBUG=1",
					"$(inherited)",
				);
				GCC_SYMBOLS_PRIVATE_EXTERN = NO;
				GCC_WARN_ABOUT_RETURN_TYPE = YES;
				GCC_WARN_UNINITIALIZED_AUTOS = YES;
				GCC_WARN_UNUSED_VARIABLE = YES;
				IPHONEOS_DEPLOYMENT_TARGET = 6.0;
				SDKROOT = iphoneos;
				TARGETED_DEVICE_FAMILY = "1,2";
			};
			name = Debug;
		};
		FFDDFACC172746CF0005138A /* Release */ = {
			isa = XCBuildConfiguration;
			buildSettings = {
				ALWAYS_SEARCH_USER_PATHS = NO;
				CLANG_CXX_LANGUAGE_STANDARD = "gnu++0x";
				CLANG_CXX_LIBRARY = "libc++";
				CLANG_ENABLE_OBJC_ARC = YES;
				CLANG_WARN_EMPTY_BODY = YES;
				CLANG_WARN__DUPLICATE_METHOD_MATCH = YES;
				"CODE_SIGN_IDENTITY[sdk=iphoneos*]" = "iPhone Developer";
				COPY_PHASE_STRIP = YES;
				GCC_C_LANGUAGE_STANDARD = gnu99;
				GCC_WARN_ABOUT_RETURN_TYPE = YES;
				GCC_WARN_UNINITIALIZED_AUTOS = YES;
				GCC_WARN_UNUSED_VARIABLE = YES;
				IPHONEOS_DEPLOYMENT_TARGET = 6.0;
				OTHER_CFLAGS = "-DNS_BLOCK_ASSERTIONS=1";
				SDKROOT = iphoneos;
				TARGETED_DEVICE_FAMILY = "1,2";
				VALIDATE_PRODUCT = YES;
			};
			name = Release;
		};
		FFDDFACE172746CF0005138A /* Debug */ = {
			isa = XCBuildConfiguration;
			buildSettings = {
				GCC_PRECOMPILE_PREFIX_HEADER = YES;
				GCC_PREFIX_HEADER = "Booksmart/Booksmart-Prefix.pch";
				INFOPLIST_FILE = "Booksmart/Booksmart-Info.plist";
				IPHONEOS_DEPLOYMENT_TARGET = 5.0;
				LIBRARY_SEARCH_PATHS = (
					"$(inherited)",
					"\"$(SRCROOT)/ZBarSDK\"",
				);
				PRODUCT_NAME = "$(TARGET_NAME)";
				TARGETED_DEVICE_FAMILY = 1;
				WRAPPER_EXTENSION = app;
			};
			name = Debug;
		};
		FFDDFACF172746CF0005138A /* Release */ = {
			isa = XCBuildConfiguration;
			buildSettings = {
				GCC_PRECOMPILE_PREFIX_HEADER = YES;
				GCC_PREFIX_HEADER = "Booksmart/Booksmart-Prefix.pch";
				INFOPLIST_FILE = "Booksmart/Booksmart-Info.plist";
				IPHONEOS_DEPLOYMENT_TARGET = 5.0;
				LIBRARY_SEARCH_PATHS = (
					"$(inherited)",
					"\"$(SRCROOT)/ZBarSDK\"",
				);
				PRODUCT_NAME = "$(TARGET_NAME)";
				TARGETED_DEVICE_FAMILY = 1;
				WRAPPER_EXTENSION = app;
			};
			name = Release;
		};
/* End XCBuildConfiguration section */

/* Begin XCConfigurationList section */
		FFDDFAA0172746CF0005138A /* Build configuration list for PBXProject "Booksmart" */ = {
			isa = XCConfigurationList;
			buildConfigurations = (
				FFDDFACB172746CF0005138A /* Debug */,
				FFDDFACC172746CF0005138A /* Release */,
			);
			defaultConfigurationIsVisible = 0;
			defaultConfigurationName = Release;
		};
		FFDDFACD172746CF0005138A /* Build configuration list for PBXNativeTarget "Booksmart" */ = {
			isa = XCConfigurationList;
			buildConfigurations = (
				FFDDFACE172746CF0005138A /* Debug */,
				FFDDFACF172746CF0005138A /* Release */,
			);
			defaultConfigurationIsVisible = 0;
			defaultConfigurationName = Release;
		};
/* End XCConfigurationList section */
	};
	rootObject = FFDDFA9D172746CF0005138A /* Project object */;
}
