// !$*UTF8*$!
{
	archiveVersion = 1;
	classes = {
	};
	objectVersion = 46;
	objects = {

/* Begin PBXBuildFile section */
		52E84D02176913AF008E502A /* lion.jpeg in Resources */ = {isa = PBXBuildFile; fileRef = 52E84D01176913AF008E502A /* lion.jpeg */; };
		B3876F9517727A7D00E9CF99 /* SettingViewController.m in Sources */ = {isa = PBXBuildFile; fileRef = B3876F9417727A7D00E9CF99 /* SettingViewController.m */; };
		B3876F9817727ABD00E9CF99 /* InviteFriendsViewController.m in Sources */ = {isa = PBXBuildFile; fileRef = B3876F9717727ABD00E9CF99 /* InviteFriendsViewController.m */; };
		FF731FE01773AFC600C723E7 /* InventoryConnection.m in Sources */ = {isa = PBXBuildFile; fileRef = FF731FDD1773AFC600C723E7 /* InventoryConnection.m */; };
		FF731FE11773AFC600C723E7 /* InventoryViewController.m in Sources */ = {isa = PBXBuildFile; fileRef = FF731FDF1773AFC600C723E7 /* InventoryViewController.m */; };
		FF731FE41773B00200C723E7 /* OtherProfileViewController.m in Sources */ = {isa = PBXBuildFile; fileRef = FF731FE31773B00200C723E7 /* OtherProfileViewController.m */; };
		FF731FE71773B04E00C723E7 /* RatingPercentConnection.m in Sources */ = {isa = PBXBuildFile; fileRef = FF731FE61773B04E00C723E7 /* RatingPercentConnection.m */; };
		FF731FEC1773B09100C723E7 /* DisplayRatingConnection.m in Sources */ = {isa = PBXBuildFile; fileRef = FF731FE91773B09100C723E7 /* DisplayRatingConnection.m */; };
		FF731FED1773B09100C723E7 /* RatingViewController.m in Sources */ = {isa = PBXBuildFile; fileRef = FF731FEB1773B09100C723E7 /* RatingViewController.m */; };
		FF731FF21773B0E400C723E7 /* SearchBookConnection.m in Sources */ = {isa = PBXBuildFile; fileRef = FF731FEF1773B0E400C723E7 /* SearchBookConnection.m */; };
		FF731FF31773B0E400C723E7 /* SearchForBookViewController.m in Sources */ = {isa = PBXBuildFile; fileRef = FF731FF11773B0E400C723E7 /* SearchForBookViewController.m */; };
		FF731FF81773B11100C723E7 /* Connection.m in Sources */ = {isa = PBXBuildFile; fileRef = FF731FF51773B11100C723E7 /* Connection.m */; };
		FF731FF91773B11100C723E7 /* SearchViewController.m in Sources */ = {isa = PBXBuildFile; fileRef = FF731FF71773B11100C723E7 /* SearchViewController.m */; };
		FFA877651766967000504B62 /* LoginConnection.m in Sources */ = {isa = PBXBuildFile; fileRef = FFA877641766967000504B62 /* LoginConnection.m */; };
		FFA8776D1766968F00504B62 /* KeychainItemWrapper.m in Sources */ = {isa = PBXBuildFile; fileRef = FFA877681766968E00504B62 /* KeychainItemWrapper.m */; };
		FFA8776E1766968F00504B62 /* UserProfile.m in Sources */ = {isa = PBXBuildFile; fileRef = FFA8776A1766968E00504B62 /* UserProfile.m */; };
		FFA8776F1766968F00504B62 /* WTTSingleton.m in Sources */ = {isa = PBXBuildFile; fileRef = FFA8776C1766968E00504B62 /* WTTSingleton.m */; };
		FFA877731766976F00504B62 /* SignInViewController.m in Sources */ = {isa = PBXBuildFile; fileRef = FFA877721766976F00504B62 /* SignInViewController.m */; };
		FFA877791766980300504B62 /* Security.framework in Frameworks */ = {isa = PBXBuildFile; fileRef = FFA877781766980300504B62 /* Security.framework */; };
		FFA8777B1766980900504B62 /* MobileCoreServices.framework in Frameworks */ = {isa = PBXBuildFile; fileRef = FFA8777A1766980900504B62 /* MobileCoreServices.framework */; };
		FFDDFAAB172746CF0005138A /* UIKit.framework in Frameworks */ = {isa = PBXBuildFile; fileRef = FFDDFAAA172746CF0005138A /* UIKit.framework */; };
		FFDDFAAD172746CF0005138A /* Foundation.framework in Frameworks */ = {isa = PBXBuildFile; fileRef = FFDDFAAC172746CF0005138A /* Foundation.framework */; };
		FFDDFAAF172746CF0005138A /* CoreGraphics.framework in Frameworks */ = {isa = PBXBuildFile; fileRef = FFDDFAAE172746CF0005138A /* CoreGraphics.framework */; };
		FFDDFAB5172746CF0005138A /* InfoPlist.strings in Resources */ = {isa = PBXBuildFile; fileRef = FFDDFAB3172746CF0005138A /* InfoPlist.strings */; };
		FFDDFAB7172746CF0005138A /* main.m in Sources */ = {isa = PBXBuildFile; fileRef = FFDDFAB6172746CF0005138A /* main.m */; };
		FFDDFABB172746CF0005138A /* AppDelegate.m in Sources */ = {isa = PBXBuildFile; fileRef = FFDDFABA172746CF0005138A /* AppDelegate.m */; };
		FFDDFABD172746CF0005138A /* Default.png in Resources */ = {isa = PBXBuildFile; fileRef = FFDDFABC172746CF0005138A /* Default.png */; };
		FFDDFABF172746CF0005138A /* Default@2x.png in Resources */ = {isa = PBXBuildFile; fileRef = FFDDFABE172746CF0005138A /* Default@2x.png */; };
		FFDDFAC1172746CF0005138A /* Default-568h@2x.png in Resources */ = {isa = PBXBuildFile; fileRef = FFDDFAC0172746CF0005138A /* Default-568h@2x.png */; };
		FFDDFAC4172746CF0005138A /* MainStoryboard_iPhone.storyboard in Resources */ = {isa = PBXBuildFile; fileRef = FFDDFAC2172746CF0005138A /* MainStoryboard_iPhone.storyboard */; };
		FFDDFAC7172746CF0005138A /* MainStoryboard_iPad.storyboard in Resources */ = {isa = PBXBuildFile; fileRef = FFDDFAC5172746CF0005138A /* MainStoryboard_iPad.storyboard */; };
/* End PBXBuildFile section */

/* Begin PBXFileReference section */
		52E84D01176913AF008E502A /* lion.jpeg */ = {isa = PBXFileReference; lastKnownFileType = image.jpeg; path = lion.jpeg; sourceTree = "<group>"; };
		B3876F9317727A7D00E9CF99 /* SettingViewController.h */ = {isa = PBXFileReference; fileEncoding = 4; lastKnownFileType = sourcecode.c.h; path = SettingViewController.h; sourceTree = "<group>"; };
		B3876F9417727A7D00E9CF99 /* SettingViewController.m */ = {isa = PBXFileReference; fileEncoding = 4; lastKnownFileType = sourcecode.c.objc; path = SettingViewController.m; sourceTree = "<group>"; };
		B3876F9617727ABD00E9CF99 /* InviteFriendsViewController.h */ = {isa = PBXFileReference; fileEncoding = 4; lastKnownFileType = sourcecode.c.h; name = InviteFriendsViewController.h; path = Setting/InviteFriendsViewController.h; sourceTree = "<group>"; };
		B3876F9717727ABD00E9CF99 /* InviteFriendsViewController.m */ = {isa = PBXFileReference; fileEncoding = 4; lastKnownFileType = sourcecode.c.objc; name = InviteFriendsViewController.m; path = Setting/InviteFriendsViewController.m; sourceTree = "<group>"; };
		FF731FDC1773AFC600C723E7 /* InventoryConnection.h */ = {isa = PBXFileReference; fileEncoding = 4; lastKnownFileType = sourcecode.c.h; name = InventoryConnection.h; path = Inventory/InventoryConnection.h; sourceTree = "<group>"; };
		FF731FDD1773AFC600C723E7 /* InventoryConnection.m */ = {isa = PBXFileReference; fileEncoding = 4; lastKnownFileType = sourcecode.c.objc; name = InventoryConnection.m; path = Inventory/InventoryConnection.m; sourceTree = "<group>"; };
		FF731FDE1773AFC600C723E7 /* InventoryViewController.h */ = {isa = PBXFileReference; fileEncoding = 4; lastKnownFileType = sourcecode.c.h; name = InventoryViewController.h; path = Inventory/InventoryViewController.h; sourceTree = "<group>"; };
		FF731FDF1773AFC600C723E7 /* InventoryViewController.m */ = {isa = PBXFileReference; fileEncoding = 4; lastKnownFileType = sourcecode.c.objc; name = InventoryViewController.m; path = Inventory/InventoryViewController.m; sourceTree = "<group>"; };
		FF731FE21773B00200C723E7 /* OtherProfileViewController.h */ = {isa = PBXFileReference; fileEncoding = 4; lastKnownFileType = sourcecode.c.h; name = OtherProfileViewController.h; path = Booksmart/OtherUserProfile/OtherProfileViewController.h; sourceTree = "<group>"; };
		FF731FE31773B00200C723E7 /* OtherProfileViewController.m */ = {isa = PBXFileReference; fileEncoding = 4; lastKnownFileType = sourcecode.c.objc; name = OtherProfileViewController.m; path = Booksmart/OtherUserProfile/OtherProfileViewController.m; sourceTree = "<group>"; };
		FF731FE51773B04E00C723E7 /* RatingPercentConnection.h */ = {isa = PBXFileReference; fileEncoding = 4; lastKnownFileType = sourcecode.c.h; name = RatingPercentConnection.h; path = Booksmart/OtherUserProfile/RatingPercentConnection.h; sourceTree = "<group>"; };
		FF731FE61773B04E00C723E7 /* RatingPercentConnection.m */ = {isa = PBXFileReference; fileEncoding = 4; lastKnownFileType = sourcecode.c.objc; name = RatingPercentConnection.m; path = Booksmart/OtherUserProfile/RatingPercentConnection.m; sourceTree = "<group>"; };
		FF731FE81773B09100C723E7 /* DisplayRatingConnection.h */ = {isa = PBXFileReference; fileEncoding = 4; lastKnownFileType = sourcecode.c.h; name = DisplayRatingConnection.h; path = Booksmart/Rating/DisplayRatingConnection.h; sourceTree = "<group>"; };
		FF731FE91773B09100C723E7 /* DisplayRatingConnection.m */ = {isa = PBXFileReference; fileEncoding = 4; lastKnownFileType = sourcecode.c.objc; name = DisplayRatingConnection.m; path = Booksmart/Rating/DisplayRatingConnection.m; sourceTree = "<group>"; };
		FF731FEA1773B09100C723E7 /* RatingViewController.h */ = {isa = PBXFileReference; fileEncoding = 4; lastKnownFileType = sourcecode.c.h; name = RatingViewController.h; path = Booksmart/Rating/RatingViewController.h; sourceTree = "<group>"; };
		FF731FEB1773B09100C723E7 /* RatingViewController.m */ = {isa = PBXFileReference; fileEncoding = 4; lastKnownFileType = sourcecode.c.objc; name = RatingViewController.m; path = Booksmart/Rating/RatingViewController.m; sourceTree = "<group>"; };
		FF731FEE1773B0E400C723E7 /* SearchBookConnection.h */ = {isa = PBXFileReference; fileEncoding = 4; lastKnownFileType = sourcecode.c.h; name = SearchBookConnection.h; path = Booksmart/SearchForBook/SearchBookConnection.h; sourceTree = "<group>"; };
		FF731FEF1773B0E400C723E7 /* SearchBookConnection.m */ = {isa = PBXFileReference; fileEncoding = 4; lastKnownFileType = sourcecode.c.objc; name = SearchBookConnection.m; path = Booksmart/SearchForBook/SearchBookConnection.m; sourceTree = "<group>"; };
		FF731FF01773B0E400C723E7 /* SearchForBookViewController.h */ = {isa = PBXFileReference; fileEncoding = 4; lastKnownFileType = sourcecode.c.h; name = SearchForBookViewController.h; path = Booksmart/SearchForBook/SearchForBookViewController.h; sourceTree = "<group>"; };
		FF731FF11773B0E400C723E7 /* SearchForBookViewController.m */ = {isa = PBXFileReference; fileEncoding = 4; lastKnownFileType = sourcecode.c.objc; name = SearchForBookViewController.m; path = Booksmart/SearchForBook/SearchForBookViewController.m; sourceTree = "<group>"; };
		FF731FF41773B11100C723E7 /* Connection.h */ = {isa = PBXFileReference; fileEncoding = 4; lastKnownFileType = sourcecode.c.h; name = Connection.h; path = Booksmart/SearchForUser/Connection.h; sourceTree = "<group>"; };
		FF731FF51773B11100C723E7 /* Connection.m */ = {isa = PBXFileReference; fileEncoding = 4; lastKnownFileType = sourcecode.c.objc; name = Connection.m; path = Booksmart/SearchForUser/Connection.m; sourceTree = "<group>"; };
		FF731FF61773B11100C723E7 /* SearchViewController.h */ = {isa = PBXFileReference; fileEncoding = 4; lastKnownFileType = sourcecode.c.h; name = SearchViewController.h; path = Booksmart/SearchForUser/SearchViewController.h; sourceTree = "<group>"; };
		FF731FF71773B11100C723E7 /* SearchViewController.m */ = {isa = PBXFileReference; fileEncoding = 4; lastKnownFileType = sourcecode.c.objc; name = SearchViewController.m; path = Booksmart/SearchForUser/SearchViewController.m; sourceTree = "<group>"; };
		FFA877631766967000504B62 /* LoginConnection.h */ = {isa = PBXFileReference; fileEncoding = 4; lastKnownFileType = sourcecode.c.h; name = LoginConnection.h; path = LoginConnection/LoginConnection.h; sourceTree = "<group>"; };
		FFA877641766967000504B62 /* LoginConnection.m */ = {isa = PBXFileReference; fileEncoding = 4; lastKnownFileType = sourcecode.c.objc; name = LoginConnection.m; path = LoginConnection/LoginConnection.m; sourceTree = "<group>"; };
		FFA877671766968E00504B62 /* KeychainItemWrapper.h */ = {isa = PBXFileReference; fileEncoding = 4; lastKnownFileType = sourcecode.c.h; name = KeychainItemWrapper.h; path = Singleton/KeychainItemWrapper.h; sourceTree = "<group>"; };
		FFA877681766968E00504B62 /* KeychainItemWrapper.m */ = {isa = PBXFileReference; fileEncoding = 4; lastKnownFileType = sourcecode.c.objc; name = KeychainItemWrapper.m; path = Singleton/KeychainItemWrapper.m; sourceTree = "<group>"; };
		FFA877691766968E00504B62 /* UserProfile.h */ = {isa = PBXFileReference; fileEncoding = 4; lastKnownFileType = sourcecode.c.h; name = UserProfile.h; path = Singleton/UserProfile.h; sourceTree = "<group>"; };
		FFA8776A1766968E00504B62 /* UserProfile.m */ = {isa = PBXFileReference; fileEncoding = 4; lastKnownFileType = sourcecode.c.objc; name = UserProfile.m; path = Singleton/UserProfile.m; sourceTree = "<group>"; };
		FFA8776B1766968E00504B62 /* WTTSingleton.h */ = {isa = PBXFileReference; fileEncoding = 4; lastKnownFileType = sourcecode.c.h; name = WTTSingleton.h; path = Singleton/WTTSingleton.h; sourceTree = "<group>"; };
		FFA8776C1766968E00504B62 /* WTTSingleton.m */ = {isa = PBXFileReference; fileEncoding = 4; lastKnownFileType = sourcecode.c.objc; name = WTTSingleton.m; path = Singleton/WTTSingleton.m; sourceTree = "<group>"; };
		FFA877711766976F00504B62 /* SignInViewController.h */ = {isa = PBXFileReference; fileEncoding = 4; lastKnownFileType = sourcecode.c.h; name = SignInViewController.h; path = LogInVC/SignInViewController.h; sourceTree = "<group>"; };
		FFA877721766976F00504B62 /* SignInViewController.m */ = {isa = PBXFileReference; fileEncoding = 4; lastKnownFileType = sourcecode.c.objc; name = SignInViewController.m; path = LogInVC/SignInViewController.m; sourceTree = "<group>"; };
		FFA877781766980300504B62 /* Security.framework */ = {isa = PBXFileReference; lastKnownFileType = wrapper.framework; name = Security.framework; path = System/Library/Frameworks/Security.framework; sourceTree = SDKROOT; };
		FFA8777A1766980900504B62 /* MobileCoreServices.framework */ = {isa = PBXFileReference; lastKnownFileType = wrapper.framework; name = MobileCoreServices.framework; path = System/Library/Frameworks/MobileCoreServices.framework; sourceTree = SDKROOT; };
		FFDDFAA6172746CF0005138A /* Booksmart.app */ = {isa = PBXFileReference; explicitFileType = wrapper.application; includeInIndex = 0; path = Booksmart.app; sourceTree = BUILT_PRODUCTS_DIR; };
		FFDDFAAA172746CF0005138A /* UIKit.framework */ = {isa = PBXFileReference; lastKnownFileType = wrapper.framework; name = UIKit.framework; path = System/Library/Frameworks/UIKit.framework; sourceTree = SDKROOT; };
		FFDDFAAC172746CF0005138A /* Foundation.framework */ = {isa = PBXFileReference; lastKnownFileType = wrapper.framework; name = Foundation.framework; path = System/Library/Frameworks/Foundation.framework; sourceTree = SDKROOT; };
		FFDDFAAE172746CF0005138A /* CoreGraphics.framework */ = {isa = PBXFileReference; lastKnownFileType = wrapper.framework; name = CoreGraphics.framework; path = System/Library/Frameworks/CoreGraphics.framework; sourceTree = SDKROOT; };
		FFDDFAB2172746CF0005138A /* Booksmart-Info.plist */ = {isa = PBXFileReference; lastKnownFileType = text.plist.xml; path = "Booksmart-Info.plist"; sourceTree = "<group>"; };
		FFDDFAB4172746CF0005138A /* en */ = {isa = PBXFileReference; lastKnownFileType = text.plist.strings; name = en; path = en.lproj/InfoPlist.strings; sourceTree = "<group>"; };
		FFDDFAB6172746CF0005138A /* main.m */ = {isa = PBXFileReference; lastKnownFileType = sourcecode.c.objc; path = main.m; sourceTree = "<group>"; };
		FFDDFAB8172746CF0005138A /* Booksmart-Prefix.pch */ = {isa = PBXFileReference; lastKnownFileType = sourcecode.c.h; path = "Booksmart-Prefix.pch"; sourceTree = "<group>"; };
		FFDDFAB9172746CF0005138A /* AppDelegate.h */ = {isa = PBXFileReference; lastKnownFileType = sourcecode.c.h; path = AppDelegate.h; sourceTree = "<group>"; };
		FFDDFABA172746CF0005138A /* AppDelegate.m */ = {isa = PBXFileReference; lastKnownFileType = sourcecode.c.objc; path = AppDelegate.m; sourceTree = "<group>"; };
		FFDDFABC172746CF0005138A /* Default.png */ = {isa = PBXFileReference; lastKnownFileType = image.png; path = Default.png; sourceTree = "<group>"; };
		FFDDFABE172746CF0005138A /* Default@2x.png */ = {isa = PBXFileReference; lastKnownFileType = image.png; path = "Default@2x.png"; sourceTree = "<group>"; };
		FFDDFAC0172746CF0005138A /* Default-568h@2x.png */ = {isa = PBXFileReference; lastKnownFileType = image.png; path = "Default-568h@2x.png"; sourceTree = "<group>"; };
		FFDDFAC3172746CF0005138A /* en */ = {isa = PBXFileReference; lastKnownFileType = file.storyboard; name = en; path = en.lproj/MainStoryboard_iPhone.storyboard; sourceTree = "<group>"; };
		FFDDFAC6172746CF0005138A /* en */ = {isa = PBXFileReference; lastKnownFileType = file.storyboard; name = en; path = en.lproj/MainStoryboard_iPad.storyboard; sourceTree = "<group>"; };
/* End PBXFileReference section */

/* Begin PBXFrameworksBuildPhase section */
		FFDDFAA3172746CF0005138A /* Frameworks */ = {
			isa = PBXFrameworksBuildPhase;
			buildActionMask = 2147483647;
			files = (
				FFA8777B1766980900504B62 /* MobileCoreServices.framework in Frameworks */,
				FFA877791766980300504B62 /* Security.framework in Frameworks */,
				FFDDFAAB172746CF0005138A /* UIKit.framework in Frameworks */,
				FFDDFAAD172746CF0005138A /* Foundation.framework in Frameworks */,
				FFDDFAAF172746CF0005138A /* CoreGraphics.framework in Frameworks */,
			);
			runOnlyForDeploymentPostprocessing = 0;
		};
/* End PBXFrameworksBuildPhase section */

/* Begin PBXGroup section */
		52281181176FAA7000A713CA /* SearchForBook */ = {
			isa = PBXGroup;
			children = (
				FF731FEE1773B0E400C723E7 /* SearchBookConnection.h */,
				FF731FEF1773B0E400C723E7 /* SearchBookConnection.m */,
				FF731FF01773B0E400C723E7 /* SearchForBookViewController.h */,
				FF731FF11773B0E400C723E7 /* SearchForBookViewController.m */,
			);
			name = SearchForBook;
			path = ..;
			sourceTree = "<group>";
		};
		52EACC79176B85FA00501749 /* SearchForUser */ = {
			isa = PBXGroup;
			children = (
				FF731FF41773B11100C723E7 /* Connection.h */,
				FF731FF51773B11100C723E7 /* Connection.m */,
				FF731FF61773B11100C723E7 /* SearchViewController.h */,
				FF731FF71773B11100C723E7 /* SearchViewController.m */,
			);
			name = SearchForUser;
			path = ..;
			sourceTree = "<group>";
		};
		52EACC7A176B863A00501749 /* OtherUserProfile */ = {
			isa = PBXGroup;
			children = (
				FF731FE51773B04E00C723E7 /* RatingPercentConnection.h */,
				FF731FE61773B04E00C723E7 /* RatingPercentConnection.m */,
				FF731FE21773B00200C723E7 /* OtherProfileViewController.h */,
				FF731FE31773B00200C723E7 /* OtherProfileViewController.m */,
			);
			name = OtherUserProfile;
			path = ..;
			sourceTree = "<group>";
		};
		52EACC7B176B86A600501749 /* Rating */ = {
			isa = PBXGroup;
			children = (
				FF731FE81773B09100C723E7 /* DisplayRatingConnection.h */,
				FF731FE91773B09100C723E7 /* DisplayRatingConnection.m */,
				FF731FEA1773B09100C723E7 /* RatingViewController.h */,
				FF731FEB1773B09100C723E7 /* RatingViewController.m */,
			);
			name = Rating;
			path = ..;
			sourceTree = "<group>";
		};
		B3876F8E1772774000E9CF99 /* Setting */ = {
			isa = PBXGroup;
			children = (
				B3876F9617727ABD00E9CF99 /* InviteFriendsViewController.h */,
				B3876F9717727ABD00E9CF99 /* InviteFriendsViewController.m */,
			);
			name = Setting;
			sourceTree = "<group>";
		};
		B3876F9217727A7D00E9CF99 /* Setting */ = {
			isa = PBXGroup;
			children = (
				B3876F9317727A7D00E9CF99 /* SettingViewController.h */,
				B3876F9417727A7D00E9CF99 /* SettingViewController.m */,
			);
			path = Setting;
			sourceTree = "<group>";
		};
		FF731FDB1773AFB700C723E7 /* Inventory */ = {
			isa = PBXGroup;
			children = (
				FF731FDC1773AFC600C723E7 /* InventoryConnection.h */,
				FF731FDD1773AFC600C723E7 /* InventoryConnection.m */,
				FF731FDE1773AFC600C723E7 /* InventoryViewController.h */,
				FF731FDF1773AFC600C723E7 /* InventoryViewController.m */,
			);
			name = Inventory;
			sourceTree = "<group>";
		};
		FFA877611766961500504B62 /* LoginConnection */ = {
			isa = PBXGroup;
			children = (
				FFA877631766967000504B62 /* LoginConnection.h */,
				FFA877641766967000504B62 /* LoginConnection.m */,
			);
			name = LoginConnection;
			sourceTree = "<group>";
		};
		FFA877661766967600504B62 /* Singleton */ = {
			isa = PBXGroup;
			children = (
				FFA877671766968E00504B62 /* KeychainItemWrapper.h */,
				FFA877681766968E00504B62 /* KeychainItemWrapper.m */,
				FFA877691766968E00504B62 /* UserProfile.h */,
				FFA8776A1766968E00504B62 /* UserProfile.m */,
				FFA8776B1766968E00504B62 /* WTTSingleton.h */,
				FFA8776C1766968E00504B62 /* WTTSingleton.m */,
			);
			name = Singleton;
			sourceTree = "<group>";
		};
		FFA877701766975F00504B62 /* LoginVC */ = {
			isa = PBXGroup;
			children = (
				FFA877711766976F00504B62 /* SignInViewController.h */,
				FFA877721766976F00504B62 /* SignInViewController.m */,
			);
			name = LoginVC;
			sourceTree = "<group>";
		};
		FFDDFA9B172746CF0005138A = {
			isa = PBXGroup;
			children = (
				52E84D01176913AF008E502A /* lion.jpeg */,
				FFDDFAB0172746CF0005138A /* Booksmart */,
				FFDDFAA9172746CF0005138A /* Frameworks */,
				FFDDFAA7172746CF0005138A /* Products */,
			);
			sourceTree = "<group>";
		};
		FFDDFAA7172746CF0005138A /* Products */ = {
			isa = PBXGroup;
			children = (
				FFDDFAA6172746CF0005138A /* Booksmart.app */,
			);
			name = Products;
			sourceTree = "<group>";
		};
		FFDDFAA9172746CF0005138A /* Frameworks */ = {
			isa = PBXGroup;
			children = (
				FFA8777A1766980900504B62 /* MobileCoreServices.framework */,
				FFA877781766980300504B62 /* Security.framework */,
				FFDDFAAA172746CF0005138A /* UIKit.framework */,
				FFDDFAAC172746CF0005138A /* Foundation.framework */,
				FFDDFAAE172746CF0005138A /* CoreGraphics.framework */,
			);
			name = Frameworks;
			sourceTree = "<group>";
		};
		FFDDFAB0172746CF0005138A /* Booksmart */ = {
			isa = PBXGroup;
			children = (
				FF731FDB1773AFB700C723E7 /* Inventory */,
				B3876F9217727A7D00E9CF99 /* Setting */,
				B3876F8E1772774000E9CF99 /* Setting */,
				52EACC7A176B863A00501749 /* OtherUserProfile */,
				52EACC79176B85FA00501749 /* SearchForUser */,
				52281181176FAA7000A713CA /* SearchForBook */,
				52EACC7B176B86A600501749 /* Rating */,
				FFA877701766975F00504B62 /* LoginVC */,
				FFA877661766967600504B62 /* Singleton */,
				FFA877611766961500504B62 /* LoginConnection */,
				FFDDFAB9172746CF0005138A /* AppDelegate.h */,
				FFDDFABA172746CF0005138A /* AppDelegate.m */,
				FFDDFAC2172746CF0005138A /* MainStoryboard_iPhone.storyboard */,
				FFDDFAC5172746CF0005138A /* MainStoryboard_iPad.storyboard */,
				FFDDFAB1172746CF0005138A /* Supporting Files */,
			);
			path = Booksmart;
			sourceTree = "<group>";
		};
		FFDDFAB1172746CF0005138A /* Supporting Files */ = {
			isa = PBXGroup;
			children = (
				FFDDFAB2172746CF0005138A /* Booksmart-Info.plist */,
				FFDDFAB3172746CF0005138A /* InfoPlist.strings */,
				FFDDFAB6172746CF0005138A /* main.m */,
				FFDDFAB8172746CF0005138A /* Booksmart-Prefix.pch */,
				FFDDFABC172746CF0005138A /* Default.png */,
				FFDDFABE172746CF0005138A /* Default@2x.png */,
				FFDDFAC0172746CF0005138A /* Default-568h@2x.png */,
			);
			name = "Supporting Files";
			sourceTree = "<group>";
		};
/* End PBXGroup section */

/* Begin PBXNativeTarget section */
		FFDDFAA5172746CF0005138A /* Booksmart */ = {
			isa = PBXNativeTarget;
			buildConfigurationList = FFDDFACD172746CF0005138A /* Build configuration list for PBXNativeTarget "Booksmart" */;
			buildPhases = (
				FFDDFAA2172746CF0005138A /* Sources */,
				FFDDFAA3172746CF0005138A /* Frameworks */,
				FFDDFAA4172746CF0005138A /* Resources */,
			);
			buildRules = (
			);
			dependencies = (
			);
			name = Booksmart;
			productName = Booksmart;
			productReference = FFDDFAA6172746CF0005138A /* Booksmart.app */;
			productType = "com.apple.product-type.application";
		};
/* End PBXNativeTarget section */

/* Begin PBXProject section */
		FFDDFA9D172746CF0005138A /* Project object */ = {
			isa = PBXProject;
			attributes = {
				LastUpgradeCheck = 0450;
				ORGANIZATIONNAME = "Lam Lu";
			};
			buildConfigurationList = FFDDFAA0172746CF0005138A /* Build configuration list for PBXProject "Booksmart" */;
			compatibilityVersion = "Xcode 3.2";
			developmentRegion = English;
			hasScannedForEncodings = 0;
			knownRegions = (
				en,
			);
			mainGroup = FFDDFA9B172746CF0005138A;
			productRefGroup = FFDDFAA7172746CF0005138A /* Products */;
			projectDirPath = "";
			projectRoot = "";
			targets = (
				FFDDFAA5172746CF0005138A /* Booksmart */,
			);
		};
/* End PBXProject section */

/* Begin PBXResourcesBuildPhase section */
		FFDDFAA4172746CF0005138A /* Resources */ = {
			isa = PBXResourcesBuildPhase;
			buildActionMask = 2147483647;
			files = (
				FFDDFAB5172746CF0005138A /* InfoPlist.strings in Resources */,
				FFDDFABD172746CF0005138A /* Default.png in Resources */,
				FFDDFABF172746CF0005138A /* Default@2x.png in Resources */,
				FFDDFAC1172746CF0005138A /* Default-568h@2x.png in Resources */,
				FFDDFAC4172746CF0005138A /* MainStoryboard_iPhone.storyboard in Resources */,
				FFDDFAC7172746CF0005138A /* MainStoryboard_iPad.storyboard in Resources */,
				52E84D02176913AF008E502A /* lion.jpeg in Resources */,
			);
			runOnlyForDeploymentPostprocessing = 0;
		};
/* End PBXResourcesBuildPhase section */

/* Begin PBXSourcesBuildPhase section */
		FFDDFAA2172746CF0005138A /* Sources */ = {
			isa = PBXSourcesBuildPhase;
			buildActionMask = 2147483647;
			files = (
				FFDDFAB7172746CF0005138A /* main.m in Sources */,
				FFDDFABB172746CF0005138A /* AppDelegate.m in Sources */,
				FFA877651766967000504B62 /* LoginConnection.m in Sources */,
				FFA8776D1766968F00504B62 /* KeychainItemWrapper.m in Sources */,
				FFA8776E1766968F00504B62 /* UserProfile.m in Sources */,
				FFA8776F1766968F00504B62 /* WTTSingleton.m in Sources */,
				FFA877731766976F00504B62 /* SignInViewController.m in Sources */,
				B3876F9517727A7D00E9CF99 /* SettingViewController.m in Sources */,
				B3876F9817727ABD00E9CF99 /* InviteFriendsViewController.m in Sources */,
				FF731FE01773AFC600C723E7 /* InventoryConnection.m in Sources */,
				FF731FE11773AFC600C723E7 /* InventoryViewController.m in Sources */,
				FF731FE41773B00200C723E7 /* OtherProfileViewController.m in Sources */,
				FF731FE71773B04E00C723E7 /* RatingPercentConnection.m in Sources */,
				FF731FEC1773B09100C723E7 /* DisplayRatingConnection.m in Sources */,
				FF731FED1773B09100C723E7 /* RatingViewController.m in Sources */,
				FF731FF21773B0E400C723E7 /* SearchBookConnection.m in Sources */,
				FF731FF31773B0E400C723E7 /* SearchForBookViewController.m in Sources */,
				FF731FF81773B11100C723E7 /* Connection.m in Sources */,
				FF731FF91773B11100C723E7 /* SearchViewController.m in Sources */,
			);
			runOnlyForDeploymentPostprocessing = 0;
		};
/* End PBXSourcesBuildPhase section */

/* Begin PBXVariantGroup section */
		FFDDFAB3172746CF0005138A /* InfoPlist.strings */ = {
			isa = PBXVariantGroup;
			children = (
				FFDDFAB4172746CF0005138A /* en */,
			);
			name = InfoPlist.strings;
			sourceTree = "<group>";
		};
		FFDDFAC2172746CF0005138A /* MainStoryboard_iPhone.storyboard */ = {
			isa = PBXVariantGroup;
			children = (
				FFDDFAC3172746CF0005138A /* en */,
			);
			name = MainStoryboard_iPhone.storyboard;
			sourceTree = "<group>";
		};
		FFDDFAC5172746CF0005138A /* MainStoryboard_iPad.storyboard */ = {
			isa = PBXVariantGroup;
			children = (
				FFDDFAC6172746CF0005138A /* en */,
			);
			name = MainStoryboard_iPad.storyboard;
			sourceTree = "<group>";
		};
/* End PBXVariantGroup section */

/* Begin XCBuildConfiguration section */
		FFDDFACB172746CF0005138A /* Debug */ = {
			isa = XCBuildConfiguration;
			buildSettings = {
				ALWAYS_SEARCH_USER_PATHS = NO;
				CLANG_CXX_LANGUAGE_STANDARD = "gnu++0x";
				CLANG_CXX_LIBRARY = "libc++";
				CLANG_ENABLE_OBJC_ARC = YES;
				CLANG_WARN_EMPTY_BODY = YES;
				CLANG_WARN__DUPLICATE_METHOD_MATCH = YES;
				"CODE_SIGN_IDENTITY[sdk=iphoneos*]" = "iPhone Developer";
				COPY_PHASE_STRIP = NO;
				GCC_C_LANGUAGE_STANDARD = gnu99;
				GCC_DYNAMIC_NO_PIC = NO;
				GCC_OPTIMIZATION_LEVEL = 0;
				GCC_PREPROCESSOR_DEFINITIONS = (
					"DEBUG=1",
					"$(inherited)",
				);
				GCC_SYMBOLS_PRIVATE_EXTERN = NO;
				GCC_WARN_ABOUT_RETURN_TYPE = YES;
				GCC_WARN_UNINITIALIZED_AUTOS = YES;
				GCC_WARN_UNUSED_VARIABLE = YES;
				IPHONEOS_DEPLOYMENT_TARGET = 6.0;
				SDKROOT = iphoneos;
				TARGETED_DEVICE_FAMILY = "1,2";
			};
			name = Debug;
		};
		FFDDFACC172746CF0005138A /* Release */ = {
			isa = XCBuildConfiguration;
			buildSettings = {
				ALWAYS_SEARCH_USER_PATHS = NO;
				CLANG_CXX_LANGUAGE_STANDARD = "gnu++0x";
				CLANG_CXX_LIBRARY = "libc++";
				CLANG_ENABLE_OBJC_ARC = YES;
				CLANG_WARN_EMPTY_BODY = YES;
				CLANG_WARN__DUPLICATE_METHOD_MATCH = YES;
				"CODE_SIGN_IDENTITY[sdk=iphoneos*]" = "iPhone Developer";
				COPY_PHASE_STRIP = YES;
				GCC_C_LANGUAGE_STANDARD = gnu99;
				GCC_WARN_ABOUT_RETURN_TYPE = YES;
				GCC_WARN_UNINITIALIZED_AUTOS = YES;
				GCC_WARN_UNUSED_VARIABLE = YES;
				IPHONEOS_DEPLOYMENT_TARGET = 6.0;
				OTHER_CFLAGS = "-DNS_BLOCK_ASSERTIONS=1";
				SDKROOT = iphoneos;
				TARGETED_DEVICE_FAMILY = "1,2";
				VALIDATE_PRODUCT = YES;
			};
			name = Release;
		};
		FFDDFACE172746CF0005138A /* Debug */ = {
			isa = XCBuildConfiguration;
			buildSettings = {
				GCC_PRECOMPILE_PREFIX_HEADER = YES;
				GCC_PREFIX_HEADER = "Booksmart/Booksmart-Prefix.pch";
				INFOPLIST_FILE = "Booksmart/Booksmart-Info.plist";
				IPHONEOS_DEPLOYMENT_TARGET = 5.0;
				PRODUCT_NAME = "$(TARGET_NAME)";
				TARGETED_DEVICE_FAMILY = 1;
				WRAPPER_EXTENSION = app;
			};
			name = Debug;
		};
		FFDDFACF172746CF0005138A /* Release */ = {
			isa = XCBuildConfiguration;
			buildSettings = {
				GCC_PRECOMPILE_PREFIX_HEADER = YES;
				GCC_PREFIX_HEADER = "Booksmart/Booksmart-Prefix.pch";
				INFOPLIST_FILE = "Booksmart/Booksmart-Info.plist";
				IPHONEOS_DEPLOYMENT_TARGET = 5.0;
				PRODUCT_NAME = "$(TARGET_NAME)";
				TARGETED_DEVICE_FAMILY = 1;
				WRAPPER_EXTENSION = app;
			};
			name = Release;
		};
/* End XCBuildConfiguration section */

/* Begin XCConfigurationList section */
		FFDDFAA0172746CF0005138A /* Build configuration list for PBXProject "Booksmart" */ = {
			isa = XCConfigurationList;
			buildConfigurations = (
				FFDDFACB172746CF0005138A /* Debug */,
				FFDDFACC172746CF0005138A /* Release */,
			);
			defaultConfigurationIsVisible = 0;
			defaultConfigurationName = Release;
		};
		FFDDFACD172746CF0005138A /* Build configuration list for PBXNativeTarget "Booksmart" */ = {
			isa = XCConfigurationList;
			buildConfigurations = (
				FFDDFACE172746CF0005138A /* Debug */,
				FFDDFACF172746CF0005138A /* Release */,
			);
			defaultConfigurationIsVisible = 0;
			defaultConfigurationName = Release;
		};
/* End XCConfigurationList section */
	};
	rootObject = FFDDFA9D172746CF0005138A /* Project object */;
}
